// !$*UTF8*$!
{
	archiveVersion = 1;
	classes = {
	};
	objectVersion = 46;
	objects = {

/* Begin PBXAggregateTarget section */
		"puremvc-swift-multicore-framework::puremvc-swift-multicore-frameworkPackageTests::ProductTarget" /* puremvc-swift-multicore-frameworkPackageTests */ = {
			isa = PBXAggregateTarget;
			buildConfigurationList = OBJ_140 /* Build configuration list for PBXAggregateTarget "puremvc-swift-multicore-frameworkPackageTests" */;
			buildPhases = (
			);
			dependencies = (
				OBJ_143 /* PBXTargetDependency */,
			);
			name = "puremvc-swift-multicore-frameworkPackageTests";
			productName = "puremvc-swift-multicore-frameworkPackageTests";
		};
/* End PBXAggregateTarget section */

/* Begin PBXBuildFile section */
		OBJ_111 /* Controller.swift in Sources */ = {isa = PBXBuildFile; fileRef = OBJ_14 /* Controller.swift */; };
		OBJ_112 /* Model.swift in Sources */ = {isa = PBXBuildFile; fileRef = OBJ_15 /* Model.swift */; };
		OBJ_113 /* View.swift in Sources */ = {isa = PBXBuildFile; fileRef = OBJ_16 /* View.swift */; };
		OBJ_114 /* ICommand.swift in Sources */ = {isa = PBXBuildFile; fileRef = OBJ_18 /* ICommand.swift */; };
		OBJ_115 /* IController.swift in Sources */ = {isa = PBXBuildFile; fileRef = OBJ_19 /* IController.swift */; };
		OBJ_116 /* IFacade.swift in Sources */ = {isa = PBXBuildFile; fileRef = OBJ_20 /* IFacade.swift */; };
		OBJ_117 /* IMediator.swift in Sources */ = {isa = PBXBuildFile; fileRef = OBJ_21 /* IMediator.swift */; };
		OBJ_118 /* IModel.swift in Sources */ = {isa = PBXBuildFile; fileRef = OBJ_22 /* IModel.swift */; };
		OBJ_119 /* INotification.swift in Sources */ = {isa = PBXBuildFile; fileRef = OBJ_23 /* INotification.swift */; };
		OBJ_120 /* INotifier.swift in Sources */ = {isa = PBXBuildFile; fileRef = OBJ_24 /* INotifier.swift */; };
		OBJ_121 /* IObserver.swift in Sources */ = {isa = PBXBuildFile; fileRef = OBJ_25 /* IObserver.swift */; };
		OBJ_122 /* IProxy.swift in Sources */ = {isa = PBXBuildFile; fileRef = OBJ_26 /* IProxy.swift */; };
		OBJ_123 /* IView.swift in Sources */ = {isa = PBXBuildFile; fileRef = OBJ_27 /* IView.swift */; };
		OBJ_124 /* MacroCommand.swift in Sources */ = {isa = PBXBuildFile; fileRef = OBJ_30 /* MacroCommand.swift */; };
		OBJ_125 /* SimpleCommand.swift in Sources */ = {isa = PBXBuildFile; fileRef = OBJ_31 /* SimpleCommand.swift */; };
		OBJ_126 /* Facade.swift in Sources */ = {isa = PBXBuildFile; fileRef = OBJ_33 /* Facade.swift */; };
		OBJ_127 /* Mediator.swift in Sources */ = {isa = PBXBuildFile; fileRef = OBJ_35 /* Mediator.swift */; };
		OBJ_128 /* Notification.swift in Sources */ = {isa = PBXBuildFile; fileRef = OBJ_37 /* Notification.swift */; };
		OBJ_129 /* Notifier.swift in Sources */ = {isa = PBXBuildFile; fileRef = OBJ_38 /* Notifier.swift */; };
		OBJ_130 /* Observer.swift in Sources */ = {isa = PBXBuildFile; fileRef = OBJ_39 /* Observer.swift */; };
		OBJ_131 /* Proxy.swift in Sources */ = {isa = PBXBuildFile; fileRef = OBJ_41 /* Proxy.swift */; };
		OBJ_138 /* Package.swift in Sources */ = {isa = PBXBuildFile; fileRef = OBJ_6 /* Package.swift */; };
		OBJ_149 /* ControllerExtend.swift in Sources */ = {isa = PBXBuildFile; fileRef = OBJ_49 /* ControllerExtend.swift */; };
		OBJ_150 /* ControllerExtendTest.swift in Sources */ = {isa = PBXBuildFile; fileRef = OBJ_50 /* ControllerExtendTest.swift */; };
		OBJ_151 /* ControllerTest.swift in Sources */ = {isa = PBXBuildFile; fileRef = OBJ_51 /* ControllerTest.swift */; };
		OBJ_152 /* ControllerTestCommand.swift in Sources */ = {isa = PBXBuildFile; fileRef = OBJ_52 /* ControllerTestCommand.swift */; };
		OBJ_153 /* ControllerTestCommand2.swift in Sources */ = {isa = PBXBuildFile; fileRef = OBJ_53 /* ControllerTestCommand2.swift */; };
		OBJ_154 /* ControllerTestVO.swift in Sources */ = {isa = PBXBuildFile; fileRef = OBJ_54 /* ControllerTestVO.swift */; };
		OBJ_155 /* ModelExtend.swift in Sources */ = {isa = PBXBuildFile; fileRef = OBJ_55 /* ModelExtend.swift */; };
		OBJ_156 /* ModelExtendTest.swift in Sources */ = {isa = PBXBuildFile; fileRef = OBJ_56 /* ModelExtendTest.swift */; };
		OBJ_157 /* ModelTest.swift in Sources */ = {isa = PBXBuildFile; fileRef = OBJ_57 /* ModelTest.swift */; };
		OBJ_158 /* ModelTestProxy.swift in Sources */ = {isa = PBXBuildFile; fileRef = OBJ_58 /* ModelTestProxy.swift */; };
		OBJ_159 /* Resource.swift in Sources */ = {isa = PBXBuildFile; fileRef = OBJ_59 /* Resource.swift */; };
		OBJ_160 /* ViewExtend.swift in Sources */ = {isa = PBXBuildFile; fileRef = OBJ_60 /* ViewExtend.swift */; };
		OBJ_161 /* ViewExtendTest.swift in Sources */ = {isa = PBXBuildFile; fileRef = OBJ_61 /* ViewExtendTest.swift */; };
		OBJ_162 /* ViewTest.swift in Sources */ = {isa = PBXBuildFile; fileRef = OBJ_62 /* ViewTest.swift */; };
		OBJ_163 /* ViewTestMediator.swift in Sources */ = {isa = PBXBuildFile; fileRef = OBJ_63 /* ViewTestMediator.swift */; };
		OBJ_164 /* ViewTestMediator2.swift in Sources */ = {isa = PBXBuildFile; fileRef = OBJ_64 /* ViewTestMediator2.swift */; };
		OBJ_165 /* ViewTestMediator3.swift in Sources */ = {isa = PBXBuildFile; fileRef = OBJ_65 /* ViewTestMediator3.swift */; };
		OBJ_166 /* ViewTestMediator4.swift in Sources */ = {isa = PBXBuildFile; fileRef = OBJ_66 /* ViewTestMediator4.swift */; };
		OBJ_167 /* ViewTestMediator5.swift in Sources */ = {isa = PBXBuildFile; fileRef = OBJ_67 /* ViewTestMediator5.swift */; };
		OBJ_168 /* ViewTestMediator6.swift in Sources */ = {isa = PBXBuildFile; fileRef = OBJ_68 /* ViewTestMediator6.swift */; };
		OBJ_169 /* ViewTestNote.swift in Sources */ = {isa = PBXBuildFile; fileRef = OBJ_69 /* ViewTestNote.swift */; };
		OBJ_170 /* ViewTestVO.swift in Sources */ = {isa = PBXBuildFile; fileRef = OBJ_70 /* ViewTestVO.swift */; };
		OBJ_171 /* MacroCommandTest.swift in Sources */ = {isa = PBXBuildFile; fileRef = OBJ_73 /* MacroCommandTest.swift */; };
		OBJ_172 /* MacroCommandTestCommand.swift in Sources */ = {isa = PBXBuildFile; fileRef = OBJ_74 /* MacroCommandTestCommand.swift */; };
		OBJ_173 /* MacroCommandTestSub1Command.swift in Sources */ = {isa = PBXBuildFile; fileRef = OBJ_75 /* MacroCommandTestSub1Command.swift */; };
		OBJ_174 /* MacroCommandTestSub2Command.swift in Sources */ = {isa = PBXBuildFile; fileRef = OBJ_76 /* MacroCommandTestSub2Command.swift */; };
		OBJ_175 /* MacroCommandTestVO.swift in Sources */ = {isa = PBXBuildFile; fileRef = OBJ_77 /* MacroCommandTestVO.swift */; };
		OBJ_176 /* SimpleCommandTest.swift in Sources */ = {isa = PBXBuildFile; fileRef = OBJ_78 /* SimpleCommandTest.swift */; };
		OBJ_177 /* SimpleCommandTestCommand.swift in Sources */ = {isa = PBXBuildFile; fileRef = OBJ_79 /* SimpleCommandTestCommand.swift */; };
		OBJ_178 /* SimpleCommandTestVO.swift in Sources */ = {isa = PBXBuildFile; fileRef = OBJ_80 /* SimpleCommandTestVO.swift */; };
		OBJ_179 /* ApplicationMediator.swift in Sources */ = {isa = PBXBuildFile; fileRef = OBJ_82 /* ApplicationMediator.swift */; };
		OBJ_180 /* DataProxy.swift in Sources */ = {isa = PBXBuildFile; fileRef = OBJ_83 /* DataProxy.swift */; };
		OBJ_181 /* FacadeExtend.swift in Sources */ = {isa = PBXBuildFile; fileRef = OBJ_84 /* FacadeExtend.swift */; };
		OBJ_182 /* FacadeExtendTest.swift in Sources */ = {isa = PBXBuildFile; fileRef = OBJ_85 /* FacadeExtendTest.swift */; };
		OBJ_183 /* FacadeTest.swift in Sources */ = {isa = PBXBuildFile; fileRef = OBJ_86 /* FacadeTest.swift */; };
		OBJ_184 /* FacadeTestCommand.swift in Sources */ = {isa = PBXBuildFile; fileRef = OBJ_87 /* FacadeTestCommand.swift */; };
		OBJ_185 /* FacadeTestCommand2.swift in Sources */ = {isa = PBXBuildFile; fileRef = OBJ_88 /* FacadeTestCommand2.swift */; };
		OBJ_186 /* FacadeTestVO.swift in Sources */ = {isa = PBXBuildFile; fileRef = OBJ_89 /* FacadeTestVO.swift */; };
		OBJ_187 /* ResourceCommand.swift in Sources */ = {isa = PBXBuildFile; fileRef = OBJ_90 /* ResourceCommand.swift */; };
		OBJ_188 /* ShellFacade.swift in Sources */ = {isa = PBXBuildFile; fileRef = OBJ_91 /* ShellFacade.swift */; };
		OBJ_189 /* ShellFacadeTest.swift in Sources */ = {isa = PBXBuildFile; fileRef = OBJ_92 /* ShellFacadeTest.swift */; };
		OBJ_190 /* MediatorTest.swift in Sources */ = {isa = PBXBuildFile; fileRef = OBJ_94 /* MediatorTest.swift */; };
		OBJ_191 /* ResourceMediator.swift in Sources */ = {isa = PBXBuildFile; fileRef = OBJ_95 /* ResourceMediator.swift */; };
		OBJ_192 /* NotificationTest.swift in Sources */ = {isa = PBXBuildFile; fileRef = OBJ_97 /* NotificationTest.swift */; };
		OBJ_193 /* NotifierTest.swift in Sources */ = {isa = PBXBuildFile; fileRef = OBJ_98 /* NotifierTest.swift */; };
		OBJ_194 /* ObserverTest.swift in Sources */ = {isa = PBXBuildFile; fileRef = OBJ_99 /* ObserverTest.swift */; };
		OBJ_195 /* ProxyTest.swift in Sources */ = {isa = PBXBuildFile; fileRef = OBJ_101 /* ProxyTest.swift */; };
		OBJ_196 /* ResourceProxy.swift in Sources */ = {isa = PBXBuildFile; fileRef = OBJ_102 /* ResourceProxy.swift */; };
		OBJ_198 /* puremvc_swift_multicore_framework.framework in Frameworks */ = {isa = PBXBuildFile; fileRef = "puremvc-swift-multicore-framework::puremvc-swift-multicore-framework::Product" /* puremvc_swift_multicore_framework.framework */; };
/* End PBXBuildFile section */

/* Begin PBXContainerItemProxy section */
		A84AA3702253767E00F41D91 /* PBXContainerItemProxy */ = {
			isa = PBXContainerItemProxy;
			containerPortal = OBJ_1 /* Project object */;
			proxyType = 1;
			remoteGlobalIDString = "puremvc-swift-multicore-framework::puremvc-swift-multicore-framework";
			remoteInfo = "puremvc-swift-multicore-framework";
		};
		A84AA3712253767F00F41D91 /* PBXContainerItemProxy */ = {
			isa = PBXContainerItemProxy;
			containerPortal = OBJ_1 /* Project object */;
			proxyType = 1;
			remoteGlobalIDString = "puremvc-swift-multicore-framework::puremvc-swift-multicore-frameworkTests";
			remoteInfo = "puremvc-swift-multicore-frameworkTests";
		};
/* End PBXContainerItemProxy section */

/* Begin PBXFileReference section */
		A84AA372225376AB00F41D91 /* VERSION */ = {isa = PBXFileReference; lastKnownFileType = text; path = VERSION; sourceTree = "<group>"; };
		A84AA373225376AB00F41D91 /* LICENSE */ = {isa = PBXFileReference; lastKnownFileType = text; path = LICENSE; sourceTree = "<group>"; };
		A84AA374225376AB00F41D91 /* README.md */ = {isa = PBXFileReference; lastKnownFileType = net.daringfireball.markdown; path = README.md; sourceTree = "<group>"; };
		OBJ_101 /* ProxyTest.swift */ = {isa = PBXFileReference; lastKnownFileType = sourcecode.swift; path = ProxyTest.swift; sourceTree = "<group>"; };
		OBJ_102 /* ResourceProxy.swift */ = {isa = PBXFileReference; lastKnownFileType = sourcecode.swift; path = ResourceProxy.swift; sourceTree = "<group>"; };
		OBJ_14 /* Controller.swift */ = {isa = PBXFileReference; lastKnownFileType = sourcecode.swift; path = Controller.swift; sourceTree = "<group>"; };
		OBJ_15 /* Model.swift */ = {isa = PBXFileReference; lastKnownFileType = sourcecode.swift; path = Model.swift; sourceTree = "<group>"; };
		OBJ_16 /* View.swift */ = {isa = PBXFileReference; lastKnownFileType = sourcecode.swift; path = View.swift; sourceTree = "<group>"; };
		OBJ_18 /* ICommand.swift */ = {isa = PBXFileReference; lastKnownFileType = sourcecode.swift; path = ICommand.swift; sourceTree = "<group>"; };
		OBJ_19 /* IController.swift */ = {isa = PBXFileReference; lastKnownFileType = sourcecode.swift; path = IController.swift; sourceTree = "<group>"; };
		OBJ_20 /* IFacade.swift */ = {isa = PBXFileReference; lastKnownFileType = sourcecode.swift; path = IFacade.swift; sourceTree = "<group>"; };
		OBJ_21 /* IMediator.swift */ = {isa = PBXFileReference; lastKnownFileType = sourcecode.swift; path = IMediator.swift; sourceTree = "<group>"; };
		OBJ_22 /* IModel.swift */ = {isa = PBXFileReference; lastKnownFileType = sourcecode.swift; path = IModel.swift; sourceTree = "<group>"; };
		OBJ_23 /* INotification.swift */ = {isa = PBXFileReference; lastKnownFileType = sourcecode.swift; path = INotification.swift; sourceTree = "<group>"; };
		OBJ_24 /* INotifier.swift */ = {isa = PBXFileReference; lastKnownFileType = sourcecode.swift; path = INotifier.swift; sourceTree = "<group>"; };
		OBJ_25 /* IObserver.swift */ = {isa = PBXFileReference; lastKnownFileType = sourcecode.swift; path = IObserver.swift; sourceTree = "<group>"; };
		OBJ_26 /* IProxy.swift */ = {isa = PBXFileReference; lastKnownFileType = sourcecode.swift; path = IProxy.swift; sourceTree = "<group>"; };
		OBJ_27 /* IView.swift */ = {isa = PBXFileReference; lastKnownFileType = sourcecode.swift; path = IView.swift; sourceTree = "<group>"; };
		OBJ_30 /* MacroCommand.swift */ = {isa = PBXFileReference; lastKnownFileType = sourcecode.swift; path = MacroCommand.swift; sourceTree = "<group>"; };
		OBJ_31 /* SimpleCommand.swift */ = {isa = PBXFileReference; lastKnownFileType = sourcecode.swift; path = SimpleCommand.swift; sourceTree = "<group>"; };
		OBJ_33 /* Facade.swift */ = {isa = PBXFileReference; lastKnownFileType = sourcecode.swift; path = Facade.swift; sourceTree = "<group>"; };
		OBJ_35 /* Mediator.swift */ = {isa = PBXFileReference; lastKnownFileType = sourcecode.swift; path = Mediator.swift; sourceTree = "<group>"; };
		OBJ_37 /* Notification.swift */ = {isa = PBXFileReference; lastKnownFileType = sourcecode.swift; path = Notification.swift; sourceTree = "<group>"; };
		OBJ_38 /* Notifier.swift */ = {isa = PBXFileReference; lastKnownFileType = sourcecode.swift; path = Notifier.swift; sourceTree = "<group>"; };
		OBJ_39 /* Observer.swift */ = {isa = PBXFileReference; lastKnownFileType = sourcecode.swift; path = Observer.swift; sourceTree = "<group>"; };
		OBJ_41 /* Proxy.swift */ = {isa = PBXFileReference; lastKnownFileType = sourcecode.swift; path = Proxy.swift; sourceTree = "<group>"; };
		OBJ_49 /* ControllerExtend.swift */ = {isa = PBXFileReference; lastKnownFileType = sourcecode.swift; path = ControllerExtend.swift; sourceTree = "<group>"; };
		OBJ_50 /* ControllerExtendTest.swift */ = {isa = PBXFileReference; lastKnownFileType = sourcecode.swift; path = ControllerExtendTest.swift; sourceTree = "<group>"; };
		OBJ_51 /* ControllerTest.swift */ = {isa = PBXFileReference; lastKnownFileType = sourcecode.swift; path = ControllerTest.swift; sourceTree = "<group>"; };
		OBJ_52 /* ControllerTestCommand.swift */ = {isa = PBXFileReference; lastKnownFileType = sourcecode.swift; path = ControllerTestCommand.swift; sourceTree = "<group>"; };
		OBJ_53 /* ControllerTestCommand2.swift */ = {isa = PBXFileReference; lastKnownFileType = sourcecode.swift; path = ControllerTestCommand2.swift; sourceTree = "<group>"; };
		OBJ_54 /* ControllerTestVO.swift */ = {isa = PBXFileReference; lastKnownFileType = sourcecode.swift; path = ControllerTestVO.swift; sourceTree = "<group>"; };
		OBJ_55 /* ModelExtend.swift */ = {isa = PBXFileReference; lastKnownFileType = sourcecode.swift; path = ModelExtend.swift; sourceTree = "<group>"; };
		OBJ_56 /* ModelExtendTest.swift */ = {isa = PBXFileReference; lastKnownFileType = sourcecode.swift; path = ModelExtendTest.swift; sourceTree = "<group>"; };
		OBJ_57 /* ModelTest.swift */ = {isa = PBXFileReference; lastKnownFileType = sourcecode.swift; path = ModelTest.swift; sourceTree = "<group>"; };
		OBJ_58 /* ModelTestProxy.swift */ = {isa = PBXFileReference; lastKnownFileType = sourcecode.swift; path = ModelTestProxy.swift; sourceTree = "<group>"; };
		OBJ_59 /* Resource.swift */ = {isa = PBXFileReference; lastKnownFileType = sourcecode.swift; path = Resource.swift; sourceTree = "<group>"; };
		OBJ_6 /* Package.swift */ = {isa = PBXFileReference; explicitFileType = sourcecode.swift; path = Package.swift; sourceTree = "<group>"; };
		OBJ_60 /* ViewExtend.swift */ = {isa = PBXFileReference; lastKnownFileType = sourcecode.swift; path = ViewExtend.swift; sourceTree = "<group>"; };
		OBJ_61 /* ViewExtendTest.swift */ = {isa = PBXFileReference; lastKnownFileType = sourcecode.swift; path = ViewExtendTest.swift; sourceTree = "<group>"; };
		OBJ_62 /* ViewTest.swift */ = {isa = PBXFileReference; lastKnownFileType = sourcecode.swift; path = ViewTest.swift; sourceTree = "<group>"; };
		OBJ_63 /* ViewTestMediator.swift */ = {isa = PBXFileReference; lastKnownFileType = sourcecode.swift; path = ViewTestMediator.swift; sourceTree = "<group>"; };
		OBJ_64 /* ViewTestMediator2.swift */ = {isa = PBXFileReference; lastKnownFileType = sourcecode.swift; path = ViewTestMediator2.swift; sourceTree = "<group>"; };
		OBJ_65 /* ViewTestMediator3.swift */ = {isa = PBXFileReference; lastKnownFileType = sourcecode.swift; path = ViewTestMediator3.swift; sourceTree = "<group>"; };
		OBJ_66 /* ViewTestMediator4.swift */ = {isa = PBXFileReference; lastKnownFileType = sourcecode.swift; path = ViewTestMediator4.swift; sourceTree = "<group>"; };
		OBJ_67 /* ViewTestMediator5.swift */ = {isa = PBXFileReference; lastKnownFileType = sourcecode.swift; path = ViewTestMediator5.swift; sourceTree = "<group>"; };
		OBJ_68 /* ViewTestMediator6.swift */ = {isa = PBXFileReference; lastKnownFileType = sourcecode.swift; path = ViewTestMediator6.swift; sourceTree = "<group>"; };
		OBJ_69 /* ViewTestNote.swift */ = {isa = PBXFileReference; lastKnownFileType = sourcecode.swift; path = ViewTestNote.swift; sourceTree = "<group>"; };
		OBJ_70 /* ViewTestVO.swift */ = {isa = PBXFileReference; lastKnownFileType = sourcecode.swift; path = ViewTestVO.swift; sourceTree = "<group>"; };
		OBJ_73 /* MacroCommandTest.swift */ = {isa = PBXFileReference; lastKnownFileType = sourcecode.swift; path = MacroCommandTest.swift; sourceTree = "<group>"; };
		OBJ_74 /* MacroCommandTestCommand.swift */ = {isa = PBXFileReference; lastKnownFileType = sourcecode.swift; path = MacroCommandTestCommand.swift; sourceTree = "<group>"; };
		OBJ_75 /* MacroCommandTestSub1Command.swift */ = {isa = PBXFileReference; lastKnownFileType = sourcecode.swift; path = MacroCommandTestSub1Command.swift; sourceTree = "<group>"; };
		OBJ_76 /* MacroCommandTestSub2Command.swift */ = {isa = PBXFileReference; lastKnownFileType = sourcecode.swift; path = MacroCommandTestSub2Command.swift; sourceTree = "<group>"; };
		OBJ_77 /* MacroCommandTestVO.swift */ = {isa = PBXFileReference; lastKnownFileType = sourcecode.swift; path = MacroCommandTestVO.swift; sourceTree = "<group>"; };
		OBJ_78 /* SimpleCommandTest.swift */ = {isa = PBXFileReference; lastKnownFileType = sourcecode.swift; path = SimpleCommandTest.swift; sourceTree = "<group>"; };
		OBJ_79 /* SimpleCommandTestCommand.swift */ = {isa = PBXFileReference; lastKnownFileType = sourcecode.swift; path = SimpleCommandTestCommand.swift; sourceTree = "<group>"; };
		OBJ_80 /* SimpleCommandTestVO.swift */ = {isa = PBXFileReference; lastKnownFileType = sourcecode.swift; path = SimpleCommandTestVO.swift; sourceTree = "<group>"; };
		OBJ_82 /* ApplicationMediator.swift */ = {isa = PBXFileReference; lastKnownFileType = sourcecode.swift; path = ApplicationMediator.swift; sourceTree = "<group>"; };
		OBJ_83 /* DataProxy.swift */ = {isa = PBXFileReference; lastKnownFileType = sourcecode.swift; path = DataProxy.swift; sourceTree = "<group>"; };
		OBJ_84 /* FacadeExtend.swift */ = {isa = PBXFileReference; lastKnownFileType = sourcecode.swift; path = FacadeExtend.swift; sourceTree = "<group>"; };
		OBJ_85 /* FacadeExtendTest.swift */ = {isa = PBXFileReference; lastKnownFileType = sourcecode.swift; path = FacadeExtendTest.swift; sourceTree = "<group>"; };
		OBJ_86 /* FacadeTest.swift */ = {isa = PBXFileReference; lastKnownFileType = sourcecode.swift; path = FacadeTest.swift; sourceTree = "<group>"; };
		OBJ_87 /* FacadeTestCommand.swift */ = {isa = PBXFileReference; lastKnownFileType = sourcecode.swift; path = FacadeTestCommand.swift; sourceTree = "<group>"; };
		OBJ_88 /* FacadeTestCommand2.swift */ = {isa = PBXFileReference; lastKnownFileType = sourcecode.swift; path = FacadeTestCommand2.swift; sourceTree = "<group>"; };
		OBJ_89 /* FacadeTestVO.swift */ = {isa = PBXFileReference; lastKnownFileType = sourcecode.swift; path = FacadeTestVO.swift; sourceTree = "<group>"; };
		OBJ_90 /* ResourceCommand.swift */ = {isa = PBXFileReference; lastKnownFileType = sourcecode.swift; path = ResourceCommand.swift; sourceTree = "<group>"; };
		OBJ_91 /* ShellFacade.swift */ = {isa = PBXFileReference; lastKnownFileType = sourcecode.swift; path = ShellFacade.swift; sourceTree = "<group>"; };
		OBJ_92 /* ShellFacadeTest.swift */ = {isa = PBXFileReference; lastKnownFileType = sourcecode.swift; path = ShellFacadeTest.swift; sourceTree = "<group>"; };
		OBJ_94 /* MediatorTest.swift */ = {isa = PBXFileReference; lastKnownFileType = sourcecode.swift; path = MediatorTest.swift; sourceTree = "<group>"; };
		OBJ_95 /* ResourceMediator.swift */ = {isa = PBXFileReference; lastKnownFileType = sourcecode.swift; path = ResourceMediator.swift; sourceTree = "<group>"; };
		OBJ_97 /* NotificationTest.swift */ = {isa = PBXFileReference; lastKnownFileType = sourcecode.swift; path = NotificationTest.swift; sourceTree = "<group>"; };
		OBJ_98 /* NotifierTest.swift */ = {isa = PBXFileReference; lastKnownFileType = sourcecode.swift; path = NotifierTest.swift; sourceTree = "<group>"; };
		OBJ_99 /* ObserverTest.swift */ = {isa = PBXFileReference; lastKnownFileType = sourcecode.swift; path = ObserverTest.swift; sourceTree = "<group>"; };
		"puremvc-swift-multicore-framework::puremvc-swift-multicore-framework::Product" /* puremvc_swift_multicore_framework.framework */ = {isa = PBXFileReference; lastKnownFileType = wrapper.framework; path = puremvc_swift_multicore_framework.framework; sourceTree = BUILT_PRODUCTS_DIR; };
		"puremvc-swift-multicore-framework::puremvc-swift-multicore-frameworkTests::Product" /* puremvc_swift_multicore_frameworkTests.xctest */ = {isa = PBXFileReference; lastKnownFileType = file; name = puremvc_swift_multicore_frameworkTests.xctest; path = "puremvc-swift-multicore-frameworkTests.xctest"; sourceTree = BUILT_PRODUCTS_DIR; };
/* End PBXFileReference section */

/* Begin PBXFrameworksBuildPhase section */
		OBJ_132 /* Frameworks */ = {
			isa = PBXFrameworksBuildPhase;
			buildActionMask = 0;
			files = (
			);
			runOnlyForDeploymentPostprocessing = 0;
		};
		OBJ_197 /* Frameworks */ = {
			isa = PBXFrameworksBuildPhase;
			buildActionMask = 0;
			files = (
				OBJ_198 /* puremvc_swift_multicore_framework.framework in Frameworks */,
			);
			runOnlyForDeploymentPostprocessing = 0;
		};
/* End PBXFrameworksBuildPhase section */

/* Begin PBXGroup section */
		OBJ_10 /* puremvc */ = {
			isa = PBXGroup;
			children = (
				OBJ_11 /* swift */,
			);
			path = puremvc;
			sourceTree = "<group>";
		};
		OBJ_100 /* proxy */ = {
			isa = PBXGroup;
			children = (
				OBJ_101 /* ProxyTest.swift */,
				OBJ_102 /* ResourceProxy.swift */,
			);
			path = proxy;
			sourceTree = "<group>";
		};
		OBJ_103 /* Products */ = {
			isa = PBXGroup;
			children = (
				"puremvc-swift-multicore-framework::puremvc-swift-multicore-frameworkTests::Product" /* puremvc_swift_multicore_frameworkTests.xctest */,
				"puremvc-swift-multicore-framework::puremvc-swift-multicore-framework::Product" /* puremvc_swift_multicore_framework.framework */,
			);
			name = Products;
			sourceTree = BUILT_PRODUCTS_DIR;
		};
		OBJ_11 /* swift */ = {
			isa = PBXGroup;
			children = (
				OBJ_12 /* multicore */,
			);
			path = swift;
			sourceTree = "<group>";
		};
		OBJ_12 /* multicore */ = {
			isa = PBXGroup;
			children = (
				OBJ_13 /* core */,
				OBJ_17 /* interfaces */,
				OBJ_28 /* patterns */,
			);
			path = multicore;
			sourceTree = "<group>";
		};
		OBJ_13 /* core */ = {
			isa = PBXGroup;
			children = (
				OBJ_14 /* Controller.swift */,
				OBJ_15 /* Model.swift */,
				OBJ_16 /* View.swift */,
			);
			path = core;
			sourceTree = "<group>";
		};
		OBJ_17 /* interfaces */ = {
			isa = PBXGroup;
			children = (
				OBJ_18 /* ICommand.swift */,
				OBJ_19 /* IController.swift */,
				OBJ_20 /* IFacade.swift */,
				OBJ_21 /* IMediator.swift */,
				OBJ_22 /* IModel.swift */,
				OBJ_23 /* INotification.swift */,
				OBJ_24 /* INotifier.swift */,
				OBJ_25 /* IObserver.swift */,
				OBJ_26 /* IProxy.swift */,
				OBJ_27 /* IView.swift */,
			);
			path = interfaces;
			sourceTree = "<group>";
		};
		OBJ_28 /* patterns */ = {
			isa = PBXGroup;
			children = (
				OBJ_29 /* command */,
				OBJ_32 /* facade */,
				OBJ_34 /* mediator */,
				OBJ_36 /* observer */,
				OBJ_40 /* proxy */,
			);
			path = patterns;
			sourceTree = "<group>";
		};
		OBJ_29 /* command */ = {
			isa = PBXGroup;
			children = (
				OBJ_30 /* MacroCommand.swift */,
				OBJ_31 /* SimpleCommand.swift */,
			);
			path = command;
			sourceTree = "<group>";
		};
		OBJ_32 /* facade */ = {
			isa = PBXGroup;
			children = (
				OBJ_33 /* Facade.swift */,
			);
			path = facade;
			sourceTree = "<group>";
		};
		OBJ_34 /* mediator */ = {
			isa = PBXGroup;
			children = (
				OBJ_35 /* Mediator.swift */,
			);
			path = mediator;
			sourceTree = "<group>";
		};
		OBJ_36 /* observer */ = {
			isa = PBXGroup;
			children = (
				OBJ_37 /* Notification.swift */,
				OBJ_38 /* Notifier.swift */,
				OBJ_39 /* Observer.swift */,
			);
			path = observer;
			sourceTree = "<group>";
		};
		OBJ_40 /* proxy */ = {
			isa = PBXGroup;
			children = (
				OBJ_41 /* Proxy.swift */,
			);
			path = proxy;
			sourceTree = "<group>";
		};
		OBJ_42 /* Tests */ = {
			isa = PBXGroup;
			children = (
				OBJ_43 /* puremvc-swift-multicore-frameworkTests */,
			);
			name = Tests;
			sourceTree = SOURCE_ROOT;
		};
		OBJ_43 /* puremvc-swift-multicore-frameworkTests */ = {
			isa = PBXGroup;
			children = (
				OBJ_44 /* org */,
			);
			name = "puremvc-swift-multicore-frameworkTests";
			path = "Tests/puremvc-swift-multicore-frameworkTests";
			sourceTree = SOURCE_ROOT;
		};
		OBJ_44 /* org */ = {
			isa = PBXGroup;
			children = (
				OBJ_45 /* puremvc */,
			);
			path = org;
			sourceTree = "<group>";
		};
		OBJ_45 /* puremvc */ = {
			isa = PBXGroup;
			children = (
				OBJ_46 /* swift */,
			);
			path = puremvc;
			sourceTree = "<group>";
		};
		OBJ_46 /* swift */ = {
			isa = PBXGroup;
			children = (
				OBJ_47 /* multicore */,
			);
			path = swift;
			sourceTree = "<group>";
		};
		OBJ_47 /* multicore */ = {
			isa = PBXGroup;
			children = (
				OBJ_48 /* core */,
				OBJ_71 /* patterns */,
			);
			path = multicore;
			sourceTree = "<group>";
		};
		OBJ_48 /* core */ = {
			isa = PBXGroup;
			children = (
				OBJ_49 /* ControllerExtend.swift */,
				OBJ_50 /* ControllerExtendTest.swift */,
				OBJ_51 /* ControllerTest.swift */,
				OBJ_52 /* ControllerTestCommand.swift */,
				OBJ_53 /* ControllerTestCommand2.swift */,
				OBJ_54 /* ControllerTestVO.swift */,
				OBJ_55 /* ModelExtend.swift */,
				OBJ_56 /* ModelExtendTest.swift */,
				OBJ_57 /* ModelTest.swift */,
				OBJ_58 /* ModelTestProxy.swift */,
				OBJ_59 /* Resource.swift */,
				OBJ_60 /* ViewExtend.swift */,
				OBJ_61 /* ViewExtendTest.swift */,
				OBJ_62 /* ViewTest.swift */,
				OBJ_63 /* ViewTestMediator.swift */,
				OBJ_64 /* ViewTestMediator2.swift */,
				OBJ_65 /* ViewTestMediator3.swift */,
				OBJ_66 /* ViewTestMediator4.swift */,
				OBJ_67 /* ViewTestMediator5.swift */,
				OBJ_68 /* ViewTestMediator6.swift */,
				OBJ_69 /* ViewTestNote.swift */,
				OBJ_70 /* ViewTestVO.swift */,
			);
			path = core;
			sourceTree = "<group>";
		};
		OBJ_5 = {
			isa = PBXGroup;
			children = (
				OBJ_6 /* Package.swift */,
				OBJ_7 /* Sources */,
				OBJ_42 /* Tests */,
				OBJ_103 /* Products */,
				A84AA373225376AB00F41D91 /* LICENSE */,
				A84AA374225376AB00F41D91 /* README.md */,
				A84AA372225376AB00F41D91 /* VERSION */,
			);
			sourceTree = "<group>";
		};
		OBJ_7 /* Sources */ = {
			isa = PBXGroup;
			children = (
				OBJ_8 /* puremvc-swift-multicore-framework */,
			);
			name = Sources;
			sourceTree = SOURCE_ROOT;
		};
		OBJ_71 /* patterns */ = {
			isa = PBXGroup;
			children = (
				OBJ_72 /* command */,
				OBJ_81 /* facade */,
				OBJ_93 /* mediator */,
				OBJ_96 /* observer */,
				OBJ_100 /* proxy */,
			);
			path = patterns;
			sourceTree = "<group>";
		};
		OBJ_72 /* command */ = {
			isa = PBXGroup;
			children = (
				OBJ_73 /* MacroCommandTest.swift */,
				OBJ_74 /* MacroCommandTestCommand.swift */,
				OBJ_75 /* MacroCommandTestSub1Command.swift */,
				OBJ_76 /* MacroCommandTestSub2Command.swift */,
				OBJ_77 /* MacroCommandTestVO.swift */,
				OBJ_78 /* SimpleCommandTest.swift */,
				OBJ_79 /* SimpleCommandTestCommand.swift */,
				OBJ_80 /* SimpleCommandTestVO.swift */,
			);
			path = command;
			sourceTree = "<group>";
		};
		OBJ_8 /* puremvc-swift-multicore-framework */ = {
			isa = PBXGroup;
			children = (
				OBJ_9 /* org */,
			);
			name = "puremvc-swift-multicore-framework";
			path = "Sources/puremvc-swift-multicore-framework";
			sourceTree = SOURCE_ROOT;
		};
		OBJ_81 /* facade */ = {
			isa = PBXGroup;
			children = (
				OBJ_82 /* ApplicationMediator.swift */,
				OBJ_83 /* DataProxy.swift */,
				OBJ_84 /* FacadeExtend.swift */,
				OBJ_85 /* FacadeExtendTest.swift */,
				OBJ_86 /* FacadeTest.swift */,
				OBJ_87 /* FacadeTestCommand.swift */,
				OBJ_88 /* FacadeTestCommand2.swift */,
				OBJ_89 /* FacadeTestVO.swift */,
				OBJ_90 /* ResourceCommand.swift */,
				OBJ_91 /* ShellFacade.swift */,
				OBJ_92 /* ShellFacadeTest.swift */,
			);
			path = facade;
			sourceTree = "<group>";
		};
		OBJ_9 /* org */ = {
			isa = PBXGroup;
			children = (
				OBJ_10 /* puremvc */,
			);
			path = org;
			sourceTree = "<group>";
		};
		OBJ_93 /* mediator */ = {
			isa = PBXGroup;
			children = (
				OBJ_94 /* MediatorTest.swift */,
				OBJ_95 /* ResourceMediator.swift */,
			);
			path = mediator;
			sourceTree = "<group>";
		};
		OBJ_96 /* observer */ = {
			isa = PBXGroup;
			children = (
				OBJ_97 /* NotificationTest.swift */,
				OBJ_98 /* NotifierTest.swift */,
				OBJ_99 /* ObserverTest.swift */,
			);
			path = observer;
			sourceTree = "<group>";
		};
/* End PBXGroup section */

/* Begin PBXNativeTarget section */
		"puremvc-swift-multicore-framework::SwiftPMPackageDescription" /* puremvc-swift-multicore-frameworkPackageDescription */ = {
			isa = PBXNativeTarget;
			buildConfigurationList = OBJ_134 /* Build configuration list for PBXNativeTarget "puremvc-swift-multicore-frameworkPackageDescription" */;
			buildPhases = (
				OBJ_137 /* Sources */,
			);
			buildRules = (
			);
			dependencies = (
			);
			name = "puremvc-swift-multicore-frameworkPackageDescription";
			productName = "puremvc-swift-multicore-frameworkPackageDescription";
			productType = "com.apple.product-type.framework";
		};
		"puremvc-swift-multicore-framework::puremvc-swift-multicore-framework" /* puremvc-swift-multicore-framework */ = {
			isa = PBXNativeTarget;
			buildConfigurationList = OBJ_107 /* Build configuration list for PBXNativeTarget "puremvc-swift-multicore-framework" */;
			buildPhases = (
				OBJ_110 /* Sources */,
				OBJ_132 /* Frameworks */,
			);
			buildRules = (
			);
			dependencies = (
			);
			name = "puremvc-swift-multicore-framework";
			productName = puremvc_swift_multicore_framework;
			productReference = "puremvc-swift-multicore-framework::puremvc-swift-multicore-framework::Product" /* puremvc_swift_multicore_framework.framework */;
			productType = "com.apple.product-type.framework";
		};
		"puremvc-swift-multicore-framework::puremvc-swift-multicore-frameworkTests" /* puremvc-swift-multicore-frameworkTests */ = {
			isa = PBXNativeTarget;
			buildConfigurationList = OBJ_145 /* Build configuration list for PBXNativeTarget "puremvc-swift-multicore-frameworkTests" */;
			buildPhases = (
				OBJ_148 /* Sources */,
				OBJ_197 /* Frameworks */,
			);
			buildRules = (
			);
			dependencies = (
				OBJ_199 /* PBXTargetDependency */,
			);
			name = "puremvc-swift-multicore-frameworkTests";
			productName = puremvc_swift_multicore_frameworkTests;
			productReference = "puremvc-swift-multicore-framework::puremvc-swift-multicore-frameworkTests::Product" /* puremvc_swift_multicore_frameworkTests.xctest */;
			productType = "com.apple.product-type.bundle.unit-test";
		};
/* End PBXNativeTarget section */

/* Begin PBXProject section */
		OBJ_1 /* Project object */ = {
			isa = PBXProject;
			attributes = {
				LastSwiftMigration = 9999;
				LastSwiftUpdateCheck = 1020;
				LastUpgradeCheck = 9999;
			};
			buildConfigurationList = OBJ_2 /* Build configuration list for PBXProject "puremvc-swift-multicore-framework" */;
			compatibilityVersion = "Xcode 3.2";
			developmentRegion = English;
			hasScannedForEncodings = 0;
			knownRegions = (
				English,
				en,
			);
			mainGroup = OBJ_5;
			productRefGroup = OBJ_103 /* Products */;
			projectDirPath = "";
			projectRoot = "";
			targets = (
				"puremvc-swift-multicore-framework::puremvc-swift-multicore-framework" /* puremvc-swift-multicore-framework */,
				"puremvc-swift-multicore-framework::SwiftPMPackageDescription" /* puremvc-swift-multicore-frameworkPackageDescription */,
				"puremvc-swift-multicore-framework::puremvc-swift-multicore-frameworkPackageTests::ProductTarget" /* puremvc-swift-multicore-frameworkPackageTests */,
				"puremvc-swift-multicore-framework::puremvc-swift-multicore-frameworkTests" /* puremvc-swift-multicore-frameworkTests */,
			);
		};
/* End PBXProject section */

/* Begin PBXSourcesBuildPhase section */
		OBJ_110 /* Sources */ = {
			isa = PBXSourcesBuildPhase;
			buildActionMask = 0;
			files = (
				OBJ_111 /* Controller.swift in Sources */,
				OBJ_112 /* Model.swift in Sources */,
				OBJ_113 /* View.swift in Sources */,
				OBJ_114 /* ICommand.swift in Sources */,
				OBJ_115 /* IController.swift in Sources */,
				OBJ_116 /* IFacade.swift in Sources */,
				OBJ_117 /* IMediator.swift in Sources */,
				OBJ_118 /* IModel.swift in Sources */,
				OBJ_119 /* INotification.swift in Sources */,
				OBJ_120 /* INotifier.swift in Sources */,
				OBJ_121 /* IObserver.swift in Sources */,
				OBJ_122 /* IProxy.swift in Sources */,
				OBJ_123 /* IView.swift in Sources */,
				OBJ_124 /* MacroCommand.swift in Sources */,
				OBJ_125 /* SimpleCommand.swift in Sources */,
				OBJ_126 /* Facade.swift in Sources */,
				OBJ_127 /* Mediator.swift in Sources */,
				OBJ_128 /* Notification.swift in Sources */,
				OBJ_129 /* Notifier.swift in Sources */,
				OBJ_130 /* Observer.swift in Sources */,
				OBJ_131 /* Proxy.swift in Sources */,
			);
			runOnlyForDeploymentPostprocessing = 0;
		};
		OBJ_137 /* Sources */ = {
			isa = PBXSourcesBuildPhase;
			buildActionMask = 0;
			files = (
				OBJ_138 /* Package.swift in Sources */,
			);
			runOnlyForDeploymentPostprocessing = 0;
		};
		OBJ_148 /* Sources */ = {
			isa = PBXSourcesBuildPhase;
			buildActionMask = 0;
			files = (
				OBJ_149 /* ControllerExtend.swift in Sources */,
				OBJ_150 /* ControllerExtendTest.swift in Sources */,
				OBJ_151 /* ControllerTest.swift in Sources */,
				OBJ_152 /* ControllerTestCommand.swift in Sources */,
				OBJ_153 /* ControllerTestCommand2.swift in Sources */,
				OBJ_154 /* ControllerTestVO.swift in Sources */,
				OBJ_155 /* ModelExtend.swift in Sources */,
				OBJ_156 /* ModelExtendTest.swift in Sources */,
				OBJ_157 /* ModelTest.swift in Sources */,
				OBJ_158 /* ModelTestProxy.swift in Sources */,
				OBJ_159 /* Resource.swift in Sources */,
				OBJ_160 /* ViewExtend.swift in Sources */,
				OBJ_161 /* ViewExtendTest.swift in Sources */,
				OBJ_162 /* ViewTest.swift in Sources */,
				OBJ_163 /* ViewTestMediator.swift in Sources */,
				OBJ_164 /* ViewTestMediator2.swift in Sources */,
				OBJ_165 /* ViewTestMediator3.swift in Sources */,
				OBJ_166 /* ViewTestMediator4.swift in Sources */,
				OBJ_167 /* ViewTestMediator5.swift in Sources */,
				OBJ_168 /* ViewTestMediator6.swift in Sources */,
				OBJ_169 /* ViewTestNote.swift in Sources */,
				OBJ_170 /* ViewTestVO.swift in Sources */,
				OBJ_171 /* MacroCommandTest.swift in Sources */,
				OBJ_172 /* MacroCommandTestCommand.swift in Sources */,
				OBJ_173 /* MacroCommandTestSub1Command.swift in Sources */,
				OBJ_174 /* MacroCommandTestSub2Command.swift in Sources */,
				OBJ_175 /* MacroCommandTestVO.swift in Sources */,
				OBJ_176 /* SimpleCommandTest.swift in Sources */,
				OBJ_177 /* SimpleCommandTestCommand.swift in Sources */,
				OBJ_178 /* SimpleCommandTestVO.swift in Sources */,
				OBJ_179 /* ApplicationMediator.swift in Sources */,
				OBJ_180 /* DataProxy.swift in Sources */,
				OBJ_181 /* FacadeExtend.swift in Sources */,
				OBJ_182 /* FacadeExtendTest.swift in Sources */,
				OBJ_183 /* FacadeTest.swift in Sources */,
				OBJ_184 /* FacadeTestCommand.swift in Sources */,
				OBJ_185 /* FacadeTestCommand2.swift in Sources */,
				OBJ_186 /* FacadeTestVO.swift in Sources */,
				OBJ_187 /* ResourceCommand.swift in Sources */,
				OBJ_188 /* ShellFacade.swift in Sources */,
				OBJ_189 /* ShellFacadeTest.swift in Sources */,
				OBJ_190 /* MediatorTest.swift in Sources */,
				OBJ_191 /* ResourceMediator.swift in Sources */,
				OBJ_192 /* NotificationTest.swift in Sources */,
				OBJ_193 /* NotifierTest.swift in Sources */,
				OBJ_194 /* ObserverTest.swift in Sources */,
				OBJ_195 /* ProxyTest.swift in Sources */,
				OBJ_196 /* ResourceProxy.swift in Sources */,
			);
			runOnlyForDeploymentPostprocessing = 0;
		};
/* End PBXSourcesBuildPhase section */

/* Begin PBXTargetDependency section */
		OBJ_143 /* PBXTargetDependency */ = {
			isa = PBXTargetDependency;
			target = "puremvc-swift-multicore-framework::puremvc-swift-multicore-frameworkTests" /* puremvc-swift-multicore-frameworkTests */;
			targetProxy = A84AA3712253767F00F41D91 /* PBXContainerItemProxy */;
		};
		OBJ_199 /* PBXTargetDependency */ = {
			isa = PBXTargetDependency;
			target = "puremvc-swift-multicore-framework::puremvc-swift-multicore-framework" /* puremvc-swift-multicore-framework */;
			targetProxy = A84AA3702253767E00F41D91 /* PBXContainerItemProxy */;
		};
/* End PBXTargetDependency section */

/* Begin XCBuildConfiguration section */
		OBJ_108 /* Debug */ = {
			isa = XCBuildConfiguration;
			buildSettings = {
				ENABLE_TESTABILITY = YES;
				FRAMEWORK_SEARCH_PATHS = (
					"$(inherited)",
					"$(PLATFORM_DIR)/Developer/Library/Frameworks",
				);
				HEADER_SEARCH_PATHS = "$(inherited)";
				INFOPLIST_FILE = "puremvc-swift-multicore-framework.xcodeproj/puremvc_swift_multicore_framework_Info.plist";
				IPHONEOS_DEPLOYMENT_TARGET = 8.0;
				LD_RUNPATH_SEARCH_PATHS = "$(inherited) $(TOOLCHAIN_DIR)/usr/lib/swift/macosx";
				MACOSX_DEPLOYMENT_TARGET = 10.10;
				OTHER_CFLAGS = "$(inherited)";
				OTHER_LDFLAGS = "$(inherited)";
				OTHER_SWIFT_FLAGS = "$(inherited)";
				PRODUCT_BUNDLE_IDENTIFIER = "puremvc-swift-multicore-framework";
				PRODUCT_MODULE_NAME = "$(TARGET_NAME:c99extidentifier)";
				PRODUCT_NAME = "$(TARGET_NAME:c99extidentifier)";
				SKIP_INSTALL = YES;
				SWIFT_ACTIVE_COMPILATION_CONDITIONS = "$(inherited)";
				SWIFT_VERSION = 5.0;
				TARGET_NAME = "puremvc-swift-multicore-framework";
				TVOS_DEPLOYMENT_TARGET = 9.0;
				WATCHOS_DEPLOYMENT_TARGET = 2.0;
			};
			name = Debug;
		};
		OBJ_109 /* Release */ = {
			isa = XCBuildConfiguration;
			buildSettings = {
				ENABLE_TESTABILITY = YES;
				FRAMEWORK_SEARCH_PATHS = (
					"$(inherited)",
					"$(PLATFORM_DIR)/Developer/Library/Frameworks",
				);
				HEADER_SEARCH_PATHS = "$(inherited)";
				INFOPLIST_FILE = "puremvc-swift-multicore-framework.xcodeproj/puremvc_swift_multicore_framework_Info.plist";
				IPHONEOS_DEPLOYMENT_TARGET = 8.0;
				LD_RUNPATH_SEARCH_PATHS = "$(inherited) $(TOOLCHAIN_DIR)/usr/lib/swift/macosx";
				MACOSX_DEPLOYMENT_TARGET = 10.10;
				OTHER_CFLAGS = "$(inherited)";
				OTHER_LDFLAGS = "$(inherited)";
				OTHER_SWIFT_FLAGS = "$(inherited)";
				PRODUCT_BUNDLE_IDENTIFIER = "puremvc-swift-multicore-framework";
				PRODUCT_MODULE_NAME = "$(TARGET_NAME:c99extidentifier)";
				PRODUCT_NAME = "$(TARGET_NAME:c99extidentifier)";
				SKIP_INSTALL = YES;
				SWIFT_ACTIVE_COMPILATION_CONDITIONS = "$(inherited)";
				SWIFT_VERSION = 5.0;
				TARGET_NAME = "puremvc-swift-multicore-framework";
				TVOS_DEPLOYMENT_TARGET = 9.0;
				WATCHOS_DEPLOYMENT_TARGET = 2.0;
			};
			name = Release;
		};
		OBJ_135 /* Debug */ = {
			isa = XCBuildConfiguration;
			buildSettings = {
				LD = /usr/bin/true;
				OTHER_SWIFT_FLAGS = "-swift-version 5 -I $(TOOLCHAIN_DIR)/usr/lib/swift/pm/4_2 -target x86_64-apple-macosx10.10 -sdk /Applications/Xcode.app/Contents/Developer/Platforms/MacOSX.platform/Developer/SDKs/MacOSX10.14.sdk";
				SWIFT_VERSION = 5.0;
			};
			name = Debug;
		};
		OBJ_136 /* Release */ = {
			isa = XCBuildConfiguration;
			buildSettings = {
				LD = /usr/bin/true;
				OTHER_SWIFT_FLAGS = "-swift-version 5 -I $(TOOLCHAIN_DIR)/usr/lib/swift/pm/4_2 -target x86_64-apple-macosx10.10 -sdk /Applications/Xcode.app/Contents/Developer/Platforms/MacOSX.platform/Developer/SDKs/MacOSX10.14.sdk";
				SWIFT_VERSION = 5.0;
			};
			name = Release;
		};
		OBJ_141 /* Debug */ = {
			isa = XCBuildConfiguration;
			buildSettings = {
			};
			name = Debug;
		};
		OBJ_142 /* Release */ = {
			isa = XCBuildConfiguration;
			buildSettings = {
			};
			name = Release;
		};
		OBJ_146 /* Debug */ = {
			isa = XCBuildConfiguration;
			buildSettings = {
				CLANG_ENABLE_MODULES = YES;
				EMBEDDED_CONTENT_CONTAINS_SWIFT = YES;
				FRAMEWORK_SEARCH_PATHS = (
					"$(inherited)",
					"$(PLATFORM_DIR)/Developer/Library/Frameworks",
				);
				HEADER_SEARCH_PATHS = "$(inherited)";
				INFOPLIST_FILE = "puremvc-swift-multicore-framework.xcodeproj/puremvc_swift_multicore_frameworkTests_Info.plist";
				IPHONEOS_DEPLOYMENT_TARGET = 8.0;
				LD_RUNPATH_SEARCH_PATHS = "$(inherited) @loader_path/../Frameworks @loader_path/Frameworks";
				MACOSX_DEPLOYMENT_TARGET = 10.10;
				OTHER_CFLAGS = "$(inherited)";
				OTHER_LDFLAGS = "$(inherited)";
				OTHER_SWIFT_FLAGS = "$(inherited)";
				SWIFT_ACTIVE_COMPILATION_CONDITIONS = "$(inherited)";
				SWIFT_VERSION = 5.0;
				TARGET_NAME = "puremvc-swift-multicore-frameworkTests";
				TVOS_DEPLOYMENT_TARGET = 9.0;
				WATCHOS_DEPLOYMENT_TARGET = 2.0;
			};
			name = Debug;
		};
		OBJ_147 /* Release */ = {
			isa = XCBuildConfiguration;
			buildSettings = {
				CLANG_ENABLE_MODULES = YES;
				EMBEDDED_CONTENT_CONTAINS_SWIFT = YES;
				FRAMEWORK_SEARCH_PATHS = (
					"$(inherited)",
					"$(PLATFORM_DIR)/Developer/Library/Frameworks",
				);
				HEADER_SEARCH_PATHS = "$(inherited)";
				INFOPLIST_FILE = "puremvc-swift-multicore-framework.xcodeproj/puremvc_swift_multicore_frameworkTests_Info.plist";
				IPHONEOS_DEPLOYMENT_TARGET = 8.0;
				LD_RUNPATH_SEARCH_PATHS = "$(inherited) @loader_path/../Frameworks @loader_path/Frameworks";
				MACOSX_DEPLOYMENT_TARGET = 10.10;
				OTHER_CFLAGS = "$(inherited)";
				OTHER_LDFLAGS = "$(inherited)";
				OTHER_SWIFT_FLAGS = "$(inherited)";
				SWIFT_ACTIVE_COMPILATION_CONDITIONS = "$(inherited)";
				SWIFT_VERSION = 5.0;
				TARGET_NAME = "puremvc-swift-multicore-frameworkTests";
				TVOS_DEPLOYMENT_TARGET = 9.0;
				WATCHOS_DEPLOYMENT_TARGET = 2.0;
			};
			name = Release;
		};
		OBJ_3 /* Debug */ = {
			isa = XCBuildConfiguration;
			buildSettings = {
				CLANG_ENABLE_OBJC_ARC = YES;
				COMBINE_HIDPI_IMAGES = YES;
				COPY_PHASE_STRIP = NO;
				DEBUG_INFORMATION_FORMAT = dwarf;
				DYLIB_INSTALL_NAME_BASE = "@rpath";
				ENABLE_NS_ASSERTIONS = YES;
				GCC_OPTIMIZATION_LEVEL = 0;
				GCC_PREPROCESSOR_DEFINITIONS = (
					"$(inherited)",
					"SWIFT_PACKAGE=1",
					"DEBUG=1",
				);
				MACOSX_DEPLOYMENT_TARGET = 10.10;
				ONLY_ACTIVE_ARCH = YES;
				OTHER_SWIFT_FLAGS = "-DXcode";
				PRODUCT_NAME = "$(TARGET_NAME)";
				SDKROOT = macosx;
				SUPPORTED_PLATFORMS = "macosx iphoneos iphonesimulator appletvos appletvsimulator watchos watchsimulator";
				SWIFT_ACTIVE_COMPILATION_CONDITIONS = "$(inherited) SWIFT_PACKAGE DEBUG";
				SWIFT_OPTIMIZATION_LEVEL = "-Onone";
				USE_HEADERMAP = NO;
			};
			name = Debug;
		};
		OBJ_4 /* Release */ = {
			isa = XCBuildConfiguration;
			buildSettings = {
				CLANG_ENABLE_OBJC_ARC = YES;
				COMBINE_HIDPI_IMAGES = YES;
				COPY_PHASE_STRIP = YES;
				DEBUG_INFORMATION_FORMAT = "dwarf-with-dsym";
				DYLIB_INSTALL_NAME_BASE = "@rpath";
				GCC_OPTIMIZATION_LEVEL = s;
				GCC_PREPROCESSOR_DEFINITIONS = (
					"$(inherited)",
					"SWIFT_PACKAGE=1",
				);
				MACOSX_DEPLOYMENT_TARGET = 10.10;
				OTHER_SWIFT_FLAGS = "-DXcode";
				PRODUCT_NAME = "$(TARGET_NAME)";
				SDKROOT = macosx;
				SUPPORTED_PLATFORMS = "macosx iphoneos iphonesimulator appletvos appletvsimulator watchos watchsimulator";
				SWIFT_ACTIVE_COMPILATION_CONDITIONS = "$(inherited) SWIFT_PACKAGE";
				SWIFT_OPTIMIZATION_LEVEL = "-Owholemodule";
				USE_HEADERMAP = NO;
			};
			name = Release;
		};
/* End XCBuildConfiguration section */

/* Begin XCConfigurationList section */
		OBJ_107 /* Build configuration list for PBXNativeTarget "puremvc-swift-multicore-framework" */ = {
			isa = XCConfigurationList;
			buildConfigurations = (
				OBJ_108 /* Debug */,
				OBJ_109 /* Release */,
			);
			defaultConfigurationIsVisible = 0;
			defaultConfigurationName = Release;
		};
		OBJ_134 /* Build configuration list for PBXNativeTarget "puremvc-swift-multicore-frameworkPackageDescription" */ = {
			isa = XCConfigurationList;
			buildConfigurations = (
				OBJ_135 /* Debug */,
				OBJ_136 /* Release */,
			);
			defaultConfigurationIsVisible = 0;
			defaultConfigurationName = Release;
		};
		OBJ_140 /* Build configuration list for PBXAggregateTarget "puremvc-swift-multicore-frameworkPackageTests" */ = {
			isa = XCConfigurationList;
			buildConfigurations = (
				OBJ_141 /* Debug */,
				OBJ_142 /* Release */,
			);
			defaultConfigurationIsVisible = 0;
			defaultConfigurationName = Release;
		};
		OBJ_145 /* Build configuration list for PBXNativeTarget "puremvc-swift-multicore-frameworkTests" */ = {
			isa = XCConfigurationList;
			buildConfigurations = (
				OBJ_146 /* Debug */,
				OBJ_147 /* Release */,
			);
			defaultConfigurationIsVisible = 0;
			defaultConfigurationName = Release;
		};
		OBJ_2 /* Build configuration list for PBXProject "puremvc-swift-multicore-framework" */ = {
			isa = XCConfigurationList;
			buildConfigurations = (
				OBJ_3 /* Debug */,
				OBJ_4 /* Release */,
			);
			defaultConfigurationIsVisible = 0;
			defaultConfigurationName = Release;
		};
/* End XCConfigurationList section */
	};
	rootObject = OBJ_1 /* Project object */;
}
