// !$*UTF8*$!
{
	archiveVersion = 1;
	classes = {
	};
	objectVersion = 46;
	objects = {

/* Begin PBXBuildFile section */
		931D002A1A6038B6006449F9 /* ResourceMediator.swift in Sources */ = {isa = PBXBuildFile; fileRef = 931D00291A6038B6006449F9 /* ResourceMediator.swift */; };
		931D002E1A604047006449F9 /* ResourceProxy.swift in Sources */ = {isa = PBXBuildFile; fileRef = 931D002D1A604047006449F9 /* ResourceProxy.swift */; };
		9344EDC61B0166090016398A /* PureMVC.framework in CopyFiles */ = {isa = PBXBuildFile; fileRef = 939065B51A47A1E000E0A6A5 /* PureMVC.framework */; };
		939065C11A47A1E000E0A6A5 /* PureMVC.framework in Frameworks */ = {isa = PBXBuildFile; fileRef = 939065B51A47A1E000E0A6A5 /* PureMVC.framework */; };
		939065F21A47A1EA00E0A6A5 /* Controller.swift in Sources */ = {isa = PBXBuildFile; fileRef = 939065D61A47A1EA00E0A6A5 /* Controller.swift */; };
		939065F31A47A1EA00E0A6A5 /* Model.swift in Sources */ = {isa = PBXBuildFile; fileRef = 939065D71A47A1EA00E0A6A5 /* Model.swift */; };
		939065F41A47A1EA00E0A6A5 /* View.swift in Sources */ = {isa = PBXBuildFile; fileRef = 939065D81A47A1EA00E0A6A5 /* View.swift */; };
		939065F51A47A1EA00E0A6A5 /* ICommand.swift in Sources */ = {isa = PBXBuildFile; fileRef = 939065DA1A47A1EA00E0A6A5 /* ICommand.swift */; };
		939065F61A47A1EA00E0A6A5 /* IController.swift in Sources */ = {isa = PBXBuildFile; fileRef = 939065DB1A47A1EA00E0A6A5 /* IController.swift */; };
		939065F71A47A1EA00E0A6A5 /* IFacade.swift in Sources */ = {isa = PBXBuildFile; fileRef = 939065DC1A47A1EA00E0A6A5 /* IFacade.swift */; };
		939065F81A47A1EA00E0A6A5 /* IMediator.swift in Sources */ = {isa = PBXBuildFile; fileRef = 939065DD1A47A1EA00E0A6A5 /* IMediator.swift */; };
		939065F91A47A1EA00E0A6A5 /* IModel.swift in Sources */ = {isa = PBXBuildFile; fileRef = 939065DE1A47A1EA00E0A6A5 /* IModel.swift */; };
		939065FA1A47A1EA00E0A6A5 /* INotification.swift in Sources */ = {isa = PBXBuildFile; fileRef = 939065DF1A47A1EA00E0A6A5 /* INotification.swift */; };
		939065FB1A47A1EA00E0A6A5 /* INotifier.swift in Sources */ = {isa = PBXBuildFile; fileRef = 939065E01A47A1EA00E0A6A5 /* INotifier.swift */; };
		939065FC1A47A1EA00E0A6A5 /* IObserver.swift in Sources */ = {isa = PBXBuildFile; fileRef = 939065E11A47A1EA00E0A6A5 /* IObserver.swift */; };
		939065FD1A47A1EA00E0A6A5 /* IProxy.swift in Sources */ = {isa = PBXBuildFile; fileRef = 939065E21A47A1EA00E0A6A5 /* IProxy.swift */; };
		939065FE1A47A1EA00E0A6A5 /* IView.swift in Sources */ = {isa = PBXBuildFile; fileRef = 939065E31A47A1EA00E0A6A5 /* IView.swift */; };
		939065FF1A47A1EA00E0A6A5 /* MacroCommand.swift in Sources */ = {isa = PBXBuildFile; fileRef = 939065E61A47A1EA00E0A6A5 /* MacroCommand.swift */; };
		939066001A47A1EA00E0A6A5 /* SimpleCommand.swift in Sources */ = {isa = PBXBuildFile; fileRef = 939065E71A47A1EA00E0A6A5 /* SimpleCommand.swift */; };
		939066011A47A1EA00E0A6A5 /* Facade.swift in Sources */ = {isa = PBXBuildFile; fileRef = 939065E91A47A1EA00E0A6A5 /* Facade.swift */; };
		939066021A47A1EA00E0A6A5 /* Mediator.swift in Sources */ = {isa = PBXBuildFile; fileRef = 939065EB1A47A1EA00E0A6A5 /* Mediator.swift */; };
		939066031A47A1EA00E0A6A5 /* Notification.swift in Sources */ = {isa = PBXBuildFile; fileRef = 939065ED1A47A1EA00E0A6A5 /* Notification.swift */; };
		939066041A47A1EA00E0A6A5 /* Notifier.swift in Sources */ = {isa = PBXBuildFile; fileRef = 939065EE1A47A1EA00E0A6A5 /* Notifier.swift */; };
		939066051A47A1EA00E0A6A5 /* Observer.swift in Sources */ = {isa = PBXBuildFile; fileRef = 939065EF1A47A1EA00E0A6A5 /* Observer.swift */; };
		939066061A47A1EA00E0A6A5 /* Proxy.swift in Sources */ = {isa = PBXBuildFile; fileRef = 939065F11A47A1EA00E0A6A5 /* Proxy.swift */; };
		939066321A47A1F600E0A6A5 /* ControllerTest.swift in Sources */ = {isa = PBXBuildFile; fileRef = 9390660C1A47A1F600E0A6A5 /* ControllerTest.swift */; };
		939066331A47A1F600E0A6A5 /* ControllerTestCommand.swift in Sources */ = {isa = PBXBuildFile; fileRef = 9390660D1A47A1F600E0A6A5 /* ControllerTestCommand.swift */; };
		939066341A47A1F600E0A6A5 /* ControllerTestCommand2.swift in Sources */ = {isa = PBXBuildFile; fileRef = 9390660E1A47A1F600E0A6A5 /* ControllerTestCommand2.swift */; };
		939066351A47A1F600E0A6A5 /* ControllerTestVO.swift in Sources */ = {isa = PBXBuildFile; fileRef = 9390660F1A47A1F600E0A6A5 /* ControllerTestVO.swift */; };
		939066361A47A1F600E0A6A5 /* ModelTest.swift in Sources */ = {isa = PBXBuildFile; fileRef = 939066101A47A1F600E0A6A5 /* ModelTest.swift */; };
		939066371A47A1F600E0A6A5 /* ModelTestProxy.swift in Sources */ = {isa = PBXBuildFile; fileRef = 939066111A47A1F600E0A6A5 /* ModelTestProxy.swift */; };
		939066381A47A1F600E0A6A5 /* ViewTest.swift in Sources */ = {isa = PBXBuildFile; fileRef = 939066121A47A1F600E0A6A5 /* ViewTest.swift */; };
		939066391A47A1F600E0A6A5 /* ViewTestMediator.swift in Sources */ = {isa = PBXBuildFile; fileRef = 939066131A47A1F600E0A6A5 /* ViewTestMediator.swift */; };
		9390663A1A47A1F600E0A6A5 /* ViewTestMediator2.swift in Sources */ = {isa = PBXBuildFile; fileRef = 939066141A47A1F600E0A6A5 /* ViewTestMediator2.swift */; };
		9390663B1A47A1F600E0A6A5 /* ViewTestMediator3.swift in Sources */ = {isa = PBXBuildFile; fileRef = 939066151A47A1F600E0A6A5 /* ViewTestMediator3.swift */; };
		9390663C1A47A1F600E0A6A5 /* ViewTestMediator4.swift in Sources */ = {isa = PBXBuildFile; fileRef = 939066161A47A1F600E0A6A5 /* ViewTestMediator4.swift */; };
		9390663D1A47A1F600E0A6A5 /* ViewTestMediator5.swift in Sources */ = {isa = PBXBuildFile; fileRef = 939066171A47A1F600E0A6A5 /* ViewTestMediator5.swift */; };
		9390663E1A47A1F600E0A6A5 /* ViewTestMediator6.swift in Sources */ = {isa = PBXBuildFile; fileRef = 939066181A47A1F600E0A6A5 /* ViewTestMediator6.swift */; };
		9390663F1A47A1F600E0A6A5 /* ViewTestNote.swift in Sources */ = {isa = PBXBuildFile; fileRef = 939066191A47A1F600E0A6A5 /* ViewTestNote.swift */; };
		939066401A47A1F600E0A6A5 /* ViewTestVO.swift in Sources */ = {isa = PBXBuildFile; fileRef = 9390661A1A47A1F600E0A6A5 /* ViewTestVO.swift */; };
		939066411A47A1F600E0A6A5 /* MacroCommandTest.swift in Sources */ = {isa = PBXBuildFile; fileRef = 9390661D1A47A1F600E0A6A5 /* MacroCommandTest.swift */; };
		939066421A47A1F600E0A6A5 /* MacroCommandTestCommand.swift in Sources */ = {isa = PBXBuildFile; fileRef = 9390661E1A47A1F600E0A6A5 /* MacroCommandTestCommand.swift */; };
		939066431A47A1F600E0A6A5 /* MacroCommandTestSub1Command.swift in Sources */ = {isa = PBXBuildFile; fileRef = 9390661F1A47A1F600E0A6A5 /* MacroCommandTestSub1Command.swift */; };
		939066441A47A1F600E0A6A5 /* MacroCommandTestSub2Command.swift in Sources */ = {isa = PBXBuildFile; fileRef = 939066201A47A1F600E0A6A5 /* MacroCommandTestSub2Command.swift */; };
		939066451A47A1F600E0A6A5 /* MacroCommandTestVO.swift in Sources */ = {isa = PBXBuildFile; fileRef = 939066211A47A1F600E0A6A5 /* MacroCommandTestVO.swift */; };
		939066461A47A1F600E0A6A5 /* SimpleCommandTest.swift in Sources */ = {isa = PBXBuildFile; fileRef = 939066221A47A1F600E0A6A5 /* SimpleCommandTest.swift */; };
		939066471A47A1F600E0A6A5 /* SimpleCommandTestCommand.swift in Sources */ = {isa = PBXBuildFile; fileRef = 939066231A47A1F600E0A6A5 /* SimpleCommandTestCommand.swift */; };
		939066481A47A1F600E0A6A5 /* SimpleCommandTestVO.swift in Sources */ = {isa = PBXBuildFile; fileRef = 939066241A47A1F600E0A6A5 /* SimpleCommandTestVO.swift */; };
		939066491A47A1F600E0A6A5 /* FacadeTest.swift in Sources */ = {isa = PBXBuildFile; fileRef = 939066261A47A1F600E0A6A5 /* FacadeTest.swift */; };
		9390664A1A47A1F600E0A6A5 /* FacadeTestCommand.swift in Sources */ = {isa = PBXBuildFile; fileRef = 939066271A47A1F600E0A6A5 /* FacadeTestCommand.swift */; };
		9390664B1A47A1F600E0A6A5 /* FacadeTestVO.swift in Sources */ = {isa = PBXBuildFile; fileRef = 939066281A47A1F600E0A6A5 /* FacadeTestVO.swift */; };
		9390664C1A47A1F600E0A6A5 /* MediatorTest.swift in Sources */ = {isa = PBXBuildFile; fileRef = 9390662A1A47A1F600E0A6A5 /* MediatorTest.swift */; };
		9390664E1A47A1F600E0A6A5 /* NotificationTest.swift in Sources */ = {isa = PBXBuildFile; fileRef = 9390662D1A47A1F600E0A6A5 /* NotificationTest.swift */; };
		9390664F1A47A1F600E0A6A5 /* NotifierTest.swift in Sources */ = {isa = PBXBuildFile; fileRef = 9390662E1A47A1F600E0A6A5 /* NotifierTest.swift */; };
		939066501A47A1F600E0A6A5 /* ObserverTest.swift in Sources */ = {isa = PBXBuildFile; fileRef = 9390662F1A47A1F600E0A6A5 /* ObserverTest.swift */; };
		939066511A47A1F600E0A6A5 /* ProxyTest.swift in Sources */ = {isa = PBXBuildFile; fileRef = 939066311A47A1F600E0A6A5 /* ProxyTest.swift */; };
		93942CD71A5EF76500FF1878 /* ControllerExtend.swift in Sources */ = {isa = PBXBuildFile; fileRef = 93942CD61A5EF76500FF1878 /* ControllerExtend.swift */; };
		93942CD91A5EF7CF00FF1878 /* ControllerExtendTest.swift in Sources */ = {isa = PBXBuildFile; fileRef = 93942CD81A5EF7CF00FF1878 /* ControllerExtendTest.swift */; };
		93942CDD1A5EF9D600FF1878 /* Resource.swift in Sources */ = {isa = PBXBuildFile; fileRef = 93942CDC1A5EF9D600FF1878 /* Resource.swift */; };
		93942CDF1A5EFCB400FF1878 /* ModelExtend.swift in Sources */ = {isa = PBXBuildFile; fileRef = 93942CDE1A5EFCB400FF1878 /* ModelExtend.swift */; };
		93942CE11A5EFD7300FF1878 /* ModelExtendTest.swift in Sources */ = {isa = PBXBuildFile; fileRef = 93942CE01A5EFD7300FF1878 /* ModelExtendTest.swift */; };
		93942CE71A5F005900FF1878 /* ViewExtend.swift in Sources */ = {isa = PBXBuildFile; fileRef = 93942CE61A5F005900FF1878 /* ViewExtend.swift */; };
		93942CE91A5F009200FF1878 /* ViewExtendTest.swift in Sources */ = {isa = PBXBuildFile; fileRef = 93942CE81A5F009200FF1878 /* ViewExtendTest.swift */; };
		93942CED1A5F132000FF1878 /* FacadeExtend.swift in Sources */ = {isa = PBXBuildFile; fileRef = 93942CEC1A5F132000FF1878 /* FacadeExtend.swift */; };
		93942CEF1A5F141200FF1878 /* FacadeExtendTest.swift in Sources */ = {isa = PBXBuildFile; fileRef = 93942CEE1A5F141200FF1878 /* FacadeExtendTest.swift */; };
		93B77D841A5EE8EC00DA83FA /* ApplicationMediator.swift in Sources */ = {isa = PBXBuildFile; fileRef = 93B77D7F1A5EE8EC00DA83FA /* ApplicationMediator.swift */; };
		93B77D851A5EE8EC00DA83FA /* DataProxy.swift in Sources */ = {isa = PBXBuildFile; fileRef = 93B77D801A5EE8EC00DA83FA /* DataProxy.swift */; };
		93B77D861A5EE8EC00DA83FA /* FacadeTestCommand2.swift in Sources */ = {isa = PBXBuildFile; fileRef = 93B77D811A5EE8EC00DA83FA /* FacadeTestCommand2.swift */; };
		93B77D871A5EE8EC00DA83FA /* ShellFacade.swift in Sources */ = {isa = PBXBuildFile; fileRef = 93B77D821A5EE8EC00DA83FA /* ShellFacade.swift */; };
		93B77D881A5EE8EC00DA83FA /* ShellFacadeTest.swift in Sources */ = {isa = PBXBuildFile; fileRef = 93B77D831A5EE8EC00DA83FA /* ShellFacadeTest.swift */; };
		B3726C821A600F4200EC266F /* ResourceCommand.swift in Sources */ = {isa = PBXBuildFile; fileRef = B3726C811A600F4200EC266F /* ResourceCommand.swift */; };
/* End PBXBuildFile section */

/* Begin PBXContainerItemProxy section */
		939065C21A47A1E000E0A6A5 /* PBXContainerItemProxy */ = {
			isa = PBXContainerItemProxy;
			containerPortal = 939065AC1A47A1E000E0A6A5 /* Project object */;
			proxyType = 1;
			remoteGlobalIDString = 939065B41A47A1E000E0A6A5;
			remoteInfo = PureMVC;
		};
/* End PBXContainerItemProxy section */

/* Begin PBXCopyFilesBuildPhase section */
		9303630F1AFFD13B0094A5FC /* CopyFiles */ = {
			isa = PBXCopyFilesBuildPhase;
			buildActionMask = 2147483647;
			dstPath = "$(PROJECT_DIR)/Build";
			dstSubfolderSpec = 0;
			files = (
				9344EDC61B0166090016398A /* PureMVC.framework in CopyFiles */,
			);
			runOnlyForDeploymentPostprocessing = 0;
		};
/* End PBXCopyFilesBuildPhase section */

/* Begin PBXFileReference section */
		931D00291A6038B6006449F9 /* ResourceMediator.swift */ = {isa = PBXFileReference; fileEncoding = 4; lastKnownFileType = sourcecode.swift; path = ResourceMediator.swift; sourceTree = "<group>"; };
		931D002D1A604047006449F9 /* ResourceProxy.swift */ = {isa = PBXFileReference; fileEncoding = 4; lastKnownFileType = sourcecode.swift; path = ResourceProxy.swift; sourceTree = "<group>"; };
		939065B51A47A1E000E0A6A5 /* PureMVC.framework */ = {isa = PBXFileReference; explicitFileType = wrapper.framework; includeInIndex = 0; path = PureMVC.framework; sourceTree = BUILT_PRODUCTS_DIR; };
		939065B91A47A1E000E0A6A5 /* Info.plist */ = {isa = PBXFileReference; lastKnownFileType = text.plist.xml; path = Info.plist; sourceTree = "<group>"; };
		939065C01A47A1E000E0A6A5 /* PureMVCTests.xctest */ = {isa = PBXFileReference; explicitFileType = wrapper.cfbundle; includeInIndex = 0; path = PureMVCTests.xctest; sourceTree = BUILT_PRODUCTS_DIR; };
		939065C61A47A1E000E0A6A5 /* Info.plist */ = {isa = PBXFileReference; lastKnownFileType = text.plist.xml; path = Info.plist; sourceTree = "<group>"; };
		939065D61A47A1EA00E0A6A5 /* Controller.swift */ = {isa = PBXFileReference; fileEncoding = 4; lastKnownFileType = sourcecode.swift; path = Controller.swift; sourceTree = "<group>"; };
		939065D71A47A1EA00E0A6A5 /* Model.swift */ = {isa = PBXFileReference; fileEncoding = 4; lastKnownFileType = sourcecode.swift; path = Model.swift; sourceTree = "<group>"; };
		939065D81A47A1EA00E0A6A5 /* View.swift */ = {isa = PBXFileReference; fileEncoding = 4; lastKnownFileType = sourcecode.swift; path = View.swift; sourceTree = "<group>"; };
		939065DA1A47A1EA00E0A6A5 /* ICommand.swift */ = {isa = PBXFileReference; fileEncoding = 4; lastKnownFileType = sourcecode.swift; path = ICommand.swift; sourceTree = "<group>"; };
		939065DB1A47A1EA00E0A6A5 /* IController.swift */ = {isa = PBXFileReference; fileEncoding = 4; lastKnownFileType = sourcecode.swift; path = IController.swift; sourceTree = "<group>"; };
		939065DC1A47A1EA00E0A6A5 /* IFacade.swift */ = {isa = PBXFileReference; fileEncoding = 4; lastKnownFileType = sourcecode.swift; path = IFacade.swift; sourceTree = "<group>"; };
		939065DD1A47A1EA00E0A6A5 /* IMediator.swift */ = {isa = PBXFileReference; fileEncoding = 4; lastKnownFileType = sourcecode.swift; path = IMediator.swift; sourceTree = "<group>"; };
		939065DE1A47A1EA00E0A6A5 /* IModel.swift */ = {isa = PBXFileReference; fileEncoding = 4; lastKnownFileType = sourcecode.swift; path = IModel.swift; sourceTree = "<group>"; };
		939065DF1A47A1EA00E0A6A5 /* INotification.swift */ = {isa = PBXFileReference; fileEncoding = 4; lastKnownFileType = sourcecode.swift; path = INotification.swift; sourceTree = "<group>"; };
		939065E01A47A1EA00E0A6A5 /* INotifier.swift */ = {isa = PBXFileReference; fileEncoding = 4; lastKnownFileType = sourcecode.swift; path = INotifier.swift; sourceTree = "<group>"; };
		939065E11A47A1EA00E0A6A5 /* IObserver.swift */ = {isa = PBXFileReference; fileEncoding = 4; lastKnownFileType = sourcecode.swift; path = IObserver.swift; sourceTree = "<group>"; };
		939065E21A47A1EA00E0A6A5 /* IProxy.swift */ = {isa = PBXFileReference; fileEncoding = 4; lastKnownFileType = sourcecode.swift; path = IProxy.swift; sourceTree = "<group>"; };
		939065E31A47A1EA00E0A6A5 /* IView.swift */ = {isa = PBXFileReference; fileEncoding = 4; lastKnownFileType = sourcecode.swift; path = IView.swift; sourceTree = "<group>"; };
		939065E61A47A1EA00E0A6A5 /* MacroCommand.swift */ = {isa = PBXFileReference; fileEncoding = 4; lastKnownFileType = sourcecode.swift; path = MacroCommand.swift; sourceTree = "<group>"; };
		939065E71A47A1EA00E0A6A5 /* SimpleCommand.swift */ = {isa = PBXFileReference; fileEncoding = 4; lastKnownFileType = sourcecode.swift; path = SimpleCommand.swift; sourceTree = "<group>"; };
		939065E91A47A1EA00E0A6A5 /* Facade.swift */ = {isa = PBXFileReference; fileEncoding = 4; lastKnownFileType = sourcecode.swift; path = Facade.swift; sourceTree = "<group>"; };
		939065EB1A47A1EA00E0A6A5 /* Mediator.swift */ = {isa = PBXFileReference; fileEncoding = 4; lastKnownFileType = sourcecode.swift; path = Mediator.swift; sourceTree = "<group>"; };
		939065ED1A47A1EA00E0A6A5 /* Notification.swift */ = {isa = PBXFileReference; fileEncoding = 4; lastKnownFileType = sourcecode.swift; path = Notification.swift; sourceTree = "<group>"; };
		939065EE1A47A1EA00E0A6A5 /* Notifier.swift */ = {isa = PBXFileReference; fileEncoding = 4; lastKnownFileType = sourcecode.swift; path = Notifier.swift; sourceTree = "<group>"; };
		939065EF1A47A1EA00E0A6A5 /* Observer.swift */ = {isa = PBXFileReference; fileEncoding = 4; lastKnownFileType = sourcecode.swift; path = Observer.swift; sourceTree = "<group>"; };
		939065F11A47A1EA00E0A6A5 /* Proxy.swift */ = {isa = PBXFileReference; fileEncoding = 4; lastKnownFileType = sourcecode.swift; path = Proxy.swift; sourceTree = "<group>"; };
		9390660C1A47A1F600E0A6A5 /* ControllerTest.swift */ = {isa = PBXFileReference; fileEncoding = 4; lastKnownFileType = sourcecode.swift; path = ControllerTest.swift; sourceTree = "<group>"; };
		9390660D1A47A1F600E0A6A5 /* ControllerTestCommand.swift */ = {isa = PBXFileReference; fileEncoding = 4; lastKnownFileType = sourcecode.swift; path = ControllerTestCommand.swift; sourceTree = "<group>"; };
		9390660E1A47A1F600E0A6A5 /* ControllerTestCommand2.swift */ = {isa = PBXFileReference; fileEncoding = 4; lastKnownFileType = sourcecode.swift; path = ControllerTestCommand2.swift; sourceTree = "<group>"; };
		9390660F1A47A1F600E0A6A5 /* ControllerTestVO.swift */ = {isa = PBXFileReference; fileEncoding = 4; lastKnownFileType = sourcecode.swift; path = ControllerTestVO.swift; sourceTree = "<group>"; };
		939066101A47A1F600E0A6A5 /* ModelTest.swift */ = {isa = PBXFileReference; fileEncoding = 4; lastKnownFileType = sourcecode.swift; path = ModelTest.swift; sourceTree = "<group>"; };
		939066111A47A1F600E0A6A5 /* ModelTestProxy.swift */ = {isa = PBXFileReference; fileEncoding = 4; lastKnownFileType = sourcecode.swift; path = ModelTestProxy.swift; sourceTree = "<group>"; };
		939066121A47A1F600E0A6A5 /* ViewTest.swift */ = {isa = PBXFileReference; fileEncoding = 4; lastKnownFileType = sourcecode.swift; path = ViewTest.swift; sourceTree = "<group>"; };
		939066131A47A1F600E0A6A5 /* ViewTestMediator.swift */ = {isa = PBXFileReference; fileEncoding = 4; lastKnownFileType = sourcecode.swift; path = ViewTestMediator.swift; sourceTree = "<group>"; };
		939066141A47A1F600E0A6A5 /* ViewTestMediator2.swift */ = {isa = PBXFileReference; fileEncoding = 4; lastKnownFileType = sourcecode.swift; path = ViewTestMediator2.swift; sourceTree = "<group>"; };
		939066151A47A1F600E0A6A5 /* ViewTestMediator3.swift */ = {isa = PBXFileReference; fileEncoding = 4; lastKnownFileType = sourcecode.swift; path = ViewTestMediator3.swift; sourceTree = "<group>"; };
		939066161A47A1F600E0A6A5 /* ViewTestMediator4.swift */ = {isa = PBXFileReference; fileEncoding = 4; lastKnownFileType = sourcecode.swift; path = ViewTestMediator4.swift; sourceTree = "<group>"; };
		939066171A47A1F600E0A6A5 /* ViewTestMediator5.swift */ = {isa = PBXFileReference; fileEncoding = 4; lastKnownFileType = sourcecode.swift; path = ViewTestMediator5.swift; sourceTree = "<group>"; };
		939066181A47A1F600E0A6A5 /* ViewTestMediator6.swift */ = {isa = PBXFileReference; fileEncoding = 4; lastKnownFileType = sourcecode.swift; path = ViewTestMediator6.swift; sourceTree = "<group>"; };
		939066191A47A1F600E0A6A5 /* ViewTestNote.swift */ = {isa = PBXFileReference; fileEncoding = 4; lastKnownFileType = sourcecode.swift; path = ViewTestNote.swift; sourceTree = "<group>"; };
		9390661A1A47A1F600E0A6A5 /* ViewTestVO.swift */ = {isa = PBXFileReference; fileEncoding = 4; lastKnownFileType = sourcecode.swift; path = ViewTestVO.swift; sourceTree = "<group>"; };
		9390661D1A47A1F600E0A6A5 /* MacroCommandTest.swift */ = {isa = PBXFileReference; fileEncoding = 4; lastKnownFileType = sourcecode.swift; path = MacroCommandTest.swift; sourceTree = "<group>"; };
		9390661E1A47A1F600E0A6A5 /* MacroCommandTestCommand.swift */ = {isa = PBXFileReference; fileEncoding = 4; lastKnownFileType = sourcecode.swift; path = MacroCommandTestCommand.swift; sourceTree = "<group>"; };
		9390661F1A47A1F600E0A6A5 /* MacroCommandTestSub1Command.swift */ = {isa = PBXFileReference; fileEncoding = 4; lastKnownFileType = sourcecode.swift; path = MacroCommandTestSub1Command.swift; sourceTree = "<group>"; };
		939066201A47A1F600E0A6A5 /* MacroCommandTestSub2Command.swift */ = {isa = PBXFileReference; fileEncoding = 4; lastKnownFileType = sourcecode.swift; path = MacroCommandTestSub2Command.swift; sourceTree = "<group>"; };
		939066211A47A1F600E0A6A5 /* MacroCommandTestVO.swift */ = {isa = PBXFileReference; fileEncoding = 4; lastKnownFileType = sourcecode.swift; path = MacroCommandTestVO.swift; sourceTree = "<group>"; };
		939066221A47A1F600E0A6A5 /* SimpleCommandTest.swift */ = {isa = PBXFileReference; fileEncoding = 4; lastKnownFileType = sourcecode.swift; path = SimpleCommandTest.swift; sourceTree = "<group>"; };
		939066231A47A1F600E0A6A5 /* SimpleCommandTestCommand.swift */ = {isa = PBXFileReference; fileEncoding = 4; lastKnownFileType = sourcecode.swift; path = SimpleCommandTestCommand.swift; sourceTree = "<group>"; };
		939066241A47A1F600E0A6A5 /* SimpleCommandTestVO.swift */ = {isa = PBXFileReference; fileEncoding = 4; lastKnownFileType = sourcecode.swift; path = SimpleCommandTestVO.swift; sourceTree = "<group>"; };
		939066261A47A1F600E0A6A5 /* FacadeTest.swift */ = {isa = PBXFileReference; fileEncoding = 4; lastKnownFileType = sourcecode.swift; path = FacadeTest.swift; sourceTree = "<group>"; };
		939066271A47A1F600E0A6A5 /* FacadeTestCommand.swift */ = {isa = PBXFileReference; fileEncoding = 4; lastKnownFileType = sourcecode.swift; path = FacadeTestCommand.swift; sourceTree = "<group>"; };
		939066281A47A1F600E0A6A5 /* FacadeTestVO.swift */ = {isa = PBXFileReference; fileEncoding = 4; lastKnownFileType = sourcecode.swift; path = FacadeTestVO.swift; sourceTree = "<group>"; };
		9390662A1A47A1F600E0A6A5 /* MediatorTest.swift */ = {isa = PBXFileReference; fileEncoding = 4; lastKnownFileType = sourcecode.swift; path = MediatorTest.swift; sourceTree = "<group>"; };
		9390662D1A47A1F600E0A6A5 /* NotificationTest.swift */ = {isa = PBXFileReference; fileEncoding = 4; lastKnownFileType = sourcecode.swift; path = NotificationTest.swift; sourceTree = "<group>"; };
		9390662E1A47A1F600E0A6A5 /* NotifierTest.swift */ = {isa = PBXFileReference; fileEncoding = 4; lastKnownFileType = sourcecode.swift; path = NotifierTest.swift; sourceTree = "<group>"; };
		9390662F1A47A1F600E0A6A5 /* ObserverTest.swift */ = {isa = PBXFileReference; fileEncoding = 4; lastKnownFileType = sourcecode.swift; path = ObserverTest.swift; sourceTree = "<group>"; };
		939066311A47A1F600E0A6A5 /* ProxyTest.swift */ = {isa = PBXFileReference; fileEncoding = 4; lastKnownFileType = sourcecode.swift; path = ProxyTest.swift; sourceTree = "<group>"; };
		93942CD61A5EF76500FF1878 /* ControllerExtend.swift */ = {isa = PBXFileReference; fileEncoding = 4; lastKnownFileType = sourcecode.swift; path = ControllerExtend.swift; sourceTree = "<group>"; };
		93942CD81A5EF7CF00FF1878 /* ControllerExtendTest.swift */ = {isa = PBXFileReference; fileEncoding = 4; lastKnownFileType = sourcecode.swift; path = ControllerExtendTest.swift; sourceTree = "<group>"; };
		93942CDC1A5EF9D600FF1878 /* Resource.swift */ = {isa = PBXFileReference; fileEncoding = 4; lastKnownFileType = sourcecode.swift; path = Resource.swift; sourceTree = "<group>"; };
		93942CDE1A5EFCB400FF1878 /* ModelExtend.swift */ = {isa = PBXFileReference; fileEncoding = 4; lastKnownFileType = sourcecode.swift; path = ModelExtend.swift; sourceTree = "<group>"; };
		93942CE01A5EFD7300FF1878 /* ModelExtendTest.swift */ = {isa = PBXFileReference; fileEncoding = 4; lastKnownFileType = sourcecode.swift; path = ModelExtendTest.swift; sourceTree = "<group>"; };
		93942CE61A5F005900FF1878 /* ViewExtend.swift */ = {isa = PBXFileReference; fileEncoding = 4; lastKnownFileType = sourcecode.swift; path = ViewExtend.swift; sourceTree = "<group>"; };
		93942CE81A5F009200FF1878 /* ViewExtendTest.swift */ = {isa = PBXFileReference; fileEncoding = 4; lastKnownFileType = sourcecode.swift; path = ViewExtendTest.swift; sourceTree = "<group>"; };
		93942CEC1A5F132000FF1878 /* FacadeExtend.swift */ = {isa = PBXFileReference; fileEncoding = 4; lastKnownFileType = sourcecode.swift; path = FacadeExtend.swift; sourceTree = "<group>"; };
		93942CEE1A5F141200FF1878 /* FacadeExtendTest.swift */ = {isa = PBXFileReference; fileEncoding = 4; lastKnownFileType = sourcecode.swift; path = FacadeExtendTest.swift; sourceTree = "<group>"; };
		93B77D7F1A5EE8EC00DA83FA /* ApplicationMediator.swift */ = {isa = PBXFileReference; fileEncoding = 4; lastKnownFileType = sourcecode.swift; path = ApplicationMediator.swift; sourceTree = "<group>"; };
		93B77D801A5EE8EC00DA83FA /* DataProxy.swift */ = {isa = PBXFileReference; fileEncoding = 4; lastKnownFileType = sourcecode.swift; path = DataProxy.swift; sourceTree = "<group>"; };
		93B77D811A5EE8EC00DA83FA /* FacadeTestCommand2.swift */ = {isa = PBXFileReference; fileEncoding = 4; lastKnownFileType = sourcecode.swift; path = FacadeTestCommand2.swift; sourceTree = "<group>"; };
		93B77D821A5EE8EC00DA83FA /* ShellFacade.swift */ = {isa = PBXFileReference; fileEncoding = 4; lastKnownFileType = sourcecode.swift; path = ShellFacade.swift; sourceTree = "<group>"; };
		93B77D831A5EE8EC00DA83FA /* ShellFacadeTest.swift */ = {isa = PBXFileReference; fileEncoding = 4; lastKnownFileType = sourcecode.swift; path = ShellFacadeTest.swift; sourceTree = "<group>"; };
		B3726C811A600F4200EC266F /* ResourceCommand.swift */ = {isa = PBXFileReference; fileEncoding = 4; lastKnownFileType = sourcecode.swift; path = ResourceCommand.swift; sourceTree = "<group>"; };
/* End PBXFileReference section */

/* Begin PBXFrameworksBuildPhase section */
		939065B11A47A1E000E0A6A5 /* Frameworks */ = {
			isa = PBXFrameworksBuildPhase;
			buildActionMask = 2147483647;
			files = (
			);
			runOnlyForDeploymentPostprocessing = 0;
		};
		939065BD1A47A1E000E0A6A5 /* Frameworks */ = {
			isa = PBXFrameworksBuildPhase;
			buildActionMask = 2147483647;
			files = (
				939065C11A47A1E000E0A6A5 /* PureMVC.framework in Frameworks */,
			);
			runOnlyForDeploymentPostprocessing = 0;
		};
/* End PBXFrameworksBuildPhase section */

/* Begin PBXGroup section */
		939065AB1A47A1E000E0A6A5 = {
			isa = PBXGroup;
			children = (
				939065B71A47A1E000E0A6A5 /* PureMVC */,
				939065C41A47A1E000E0A6A5 /* PureMVCTests */,
				939065B61A47A1E000E0A6A5 /* Products */,
			);
			sourceTree = "<group>";
		};
		939065B61A47A1E000E0A6A5 /* Products */ = {
			isa = PBXGroup;
			children = (
				939065B51A47A1E000E0A6A5 /* PureMVC.framework */,
				939065C01A47A1E000E0A6A5 /* PureMVCTests.xctest */,
			);
			name = Products;
			sourceTree = "<group>";
		};
		939065B71A47A1E000E0A6A5 /* PureMVC */ = {
			isa = PBXGroup;
			children = (
				939065D11A47A1EA00E0A6A5 /* org */,
				939065B81A47A1E000E0A6A5 /* Supporting Files */,
			);
			path = PureMVC;
			sourceTree = "<group>";
		};
		939065B81A47A1E000E0A6A5 /* Supporting Files */ = {
			isa = PBXGroup;
			children = (
				939065B91A47A1E000E0A6A5 /* Info.plist */,
			);
			name = "Supporting Files";
			sourceTree = "<group>";
		};
		939065C41A47A1E000E0A6A5 /* PureMVCTests */ = {
			isa = PBXGroup;
			children = (
				939066071A47A1F600E0A6A5 /* org */,
				939065C51A47A1E000E0A6A5 /* Supporting Files */,
			);
			path = PureMVCTests;
			sourceTree = "<group>";
		};
		939065C51A47A1E000E0A6A5 /* Supporting Files */ = {
			isa = PBXGroup;
			children = (
				939065C61A47A1E000E0A6A5 /* Info.plist */,
			);
			name = "Supporting Files";
			sourceTree = "<group>";
		};
		939065D11A47A1EA00E0A6A5 /* org */ = {
			isa = PBXGroup;
			children = (
				939065D21A47A1EA00E0A6A5 /* puremvc */,
			);
			path = org;
			sourceTree = "<group>";
		};
		939065D21A47A1EA00E0A6A5 /* puremvc */ = {
			isa = PBXGroup;
			children = (
				939065D31A47A1EA00E0A6A5 /* swift */,
			);
			path = puremvc;
			sourceTree = "<group>";
		};
		939065D31A47A1EA00E0A6A5 /* swift */ = {
			isa = PBXGroup;
			children = (
				939065D41A47A1EA00E0A6A5 /* multicore */,
			);
			path = swift;
			sourceTree = "<group>";
		};
		939065D41A47A1EA00E0A6A5 /* multicore */ = {
			isa = PBXGroup;
			children = (
				939065D51A47A1EA00E0A6A5 /* core */,
				939065D91A47A1EA00E0A6A5 /* interfaces */,
				939065E41A47A1EA00E0A6A5 /* patterns */,
			);
			path = multicore;
			sourceTree = "<group>";
		};
		939065D51A47A1EA00E0A6A5 /* core */ = {
			isa = PBXGroup;
			children = (
				939065D61A47A1EA00E0A6A5 /* Controller.swift */,
				939065D71A47A1EA00E0A6A5 /* Model.swift */,
				939065D81A47A1EA00E0A6A5 /* View.swift */,
			);
			path = core;
			sourceTree = "<group>";
		};
		939065D91A47A1EA00E0A6A5 /* interfaces */ = {
			isa = PBXGroup;
			children = (
				939065DA1A47A1EA00E0A6A5 /* ICommand.swift */,
				939065DB1A47A1EA00E0A6A5 /* IController.swift */,
				939065DC1A47A1EA00E0A6A5 /* IFacade.swift */,
				939065DD1A47A1EA00E0A6A5 /* IMediator.swift */,
				939065DE1A47A1EA00E0A6A5 /* IModel.swift */,
				939065DF1A47A1EA00E0A6A5 /* INotification.swift */,
				939065E01A47A1EA00E0A6A5 /* INotifier.swift */,
				939065E11A47A1EA00E0A6A5 /* IObserver.swift */,
				939065E21A47A1EA00E0A6A5 /* IProxy.swift */,
				939065E31A47A1EA00E0A6A5 /* IView.swift */,
			);
			path = interfaces;
			sourceTree = "<group>";
		};
		939065E41A47A1EA00E0A6A5 /* patterns */ = {
			isa = PBXGroup;
			children = (
				939065E51A47A1EA00E0A6A5 /* command */,
				939065E81A47A1EA00E0A6A5 /* facade */,
				939065EA1A47A1EA00E0A6A5 /* mediator */,
				939065EC1A47A1EA00E0A6A5 /* observer */,
				939065F01A47A1EA00E0A6A5 /* proxy */,
			);
			path = patterns;
			sourceTree = "<group>";
		};
		939065E51A47A1EA00E0A6A5 /* command */ = {
			isa = PBXGroup;
			children = (
				939065E61A47A1EA00E0A6A5 /* MacroCommand.swift */,
				939065E71A47A1EA00E0A6A5 /* SimpleCommand.swift */,
			);
			path = command;
			sourceTree = "<group>";
		};
		939065E81A47A1EA00E0A6A5 /* facade */ = {
			isa = PBXGroup;
			children = (
				939065E91A47A1EA00E0A6A5 /* Facade.swift */,
			);
			path = facade;
			sourceTree = "<group>";
		};
		939065EA1A47A1EA00E0A6A5 /* mediator */ = {
			isa = PBXGroup;
			children = (
				939065EB1A47A1EA00E0A6A5 /* Mediator.swift */,
			);
			path = mediator;
			sourceTree = "<group>";
		};
		939065EC1A47A1EA00E0A6A5 /* observer */ = {
			isa = PBXGroup;
			children = (
				939065ED1A47A1EA00E0A6A5 /* Notification.swift */,
				939065EE1A47A1EA00E0A6A5 /* Notifier.swift */,
				939065EF1A47A1EA00E0A6A5 /* Observer.swift */,
			);
			path = observer;
			sourceTree = "<group>";
		};
		939065F01A47A1EA00E0A6A5 /* proxy */ = {
			isa = PBXGroup;
			children = (
				939065F11A47A1EA00E0A6A5 /* Proxy.swift */,
			);
			path = proxy;
			sourceTree = "<group>";
		};
		939066071A47A1F600E0A6A5 /* org */ = {
			isa = PBXGroup;
			children = (
				939066081A47A1F600E0A6A5 /* puremvc */,
			);
			path = org;
			sourceTree = "<group>";
		};
		939066081A47A1F600E0A6A5 /* puremvc */ = {
			isa = PBXGroup;
			children = (
				939066091A47A1F600E0A6A5 /* swift */,
			);
			path = puremvc;
			sourceTree = "<group>";
		};
		939066091A47A1F600E0A6A5 /* swift */ = {
			isa = PBXGroup;
			children = (
				9390660A1A47A1F600E0A6A5 /* multicore */,
			);
			path = swift;
			sourceTree = "<group>";
		};
		9390660A1A47A1F600E0A6A5 /* multicore */ = {
			isa = PBXGroup;
			children = (
				9390660B1A47A1F600E0A6A5 /* core */,
				9390661B1A47A1F600E0A6A5 /* patterns */,
			);
			path = multicore;
			sourceTree = "<group>";
		};
		9390660B1A47A1F600E0A6A5 /* core */ = {
			isa = PBXGroup;
			children = (
				9390660C1A47A1F600E0A6A5 /* ControllerTest.swift */,
				9390660D1A47A1F600E0A6A5 /* ControllerTestCommand.swift */,
				9390660E1A47A1F600E0A6A5 /* ControllerTestCommand2.swift */,
				9390660F1A47A1F600E0A6A5 /* ControllerTestVO.swift */,
				939066101A47A1F600E0A6A5 /* ModelTest.swift */,
				939066111A47A1F600E0A6A5 /* ModelTestProxy.swift */,
				939066121A47A1F600E0A6A5 /* ViewTest.swift */,
				939066131A47A1F600E0A6A5 /* ViewTestMediator.swift */,
				939066141A47A1F600E0A6A5 /* ViewTestMediator2.swift */,
				939066151A47A1F600E0A6A5 /* ViewTestMediator3.swift */,
				939066161A47A1F600E0A6A5 /* ViewTestMediator4.swift */,
				939066171A47A1F600E0A6A5 /* ViewTestMediator5.swift */,
				939066181A47A1F600E0A6A5 /* ViewTestMediator6.swift */,
				939066191A47A1F600E0A6A5 /* ViewTestNote.swift */,
				9390661A1A47A1F600E0A6A5 /* ViewTestVO.swift */,
				93942CD81A5EF7CF00FF1878 /* ControllerExtendTest.swift */,
				93942CD61A5EF76500FF1878 /* ControllerExtend.swift */,
				93942CDC1A5EF9D600FF1878 /* Resource.swift */,
				93942CE01A5EFD7300FF1878 /* ModelExtendTest.swift */,
				93942CDE1A5EFCB400FF1878 /* ModelExtend.swift */,
				93942CE81A5F009200FF1878 /* ViewExtendTest.swift */,
				93942CE61A5F005900FF1878 /* ViewExtend.swift */,
			);
			path = core;
			sourceTree = "<group>";
		};
		9390661B1A47A1F600E0A6A5 /* patterns */ = {
			isa = PBXGroup;
			children = (
				9390661C1A47A1F600E0A6A5 /* command */,
				939066251A47A1F600E0A6A5 /* facade */,
				939066291A47A1F600E0A6A5 /* mediator */,
				9390662C1A47A1F600E0A6A5 /* observer */,
				939066301A47A1F600E0A6A5 /* proxy */,
			);
			path = patterns;
			sourceTree = "<group>";
		};
		9390661C1A47A1F600E0A6A5 /* command */ = {
			isa = PBXGroup;
			children = (
				9390661D1A47A1F600E0A6A5 /* MacroCommandTest.swift */,
				9390661E1A47A1F600E0A6A5 /* MacroCommandTestCommand.swift */,
				9390661F1A47A1F600E0A6A5 /* MacroCommandTestSub1Command.swift */,
				939066201A47A1F600E0A6A5 /* MacroCommandTestSub2Command.swift */,
				939066211A47A1F600E0A6A5 /* MacroCommandTestVO.swift */,
				939066221A47A1F600E0A6A5 /* SimpleCommandTest.swift */,
				939066231A47A1F600E0A6A5 /* SimpleCommandTestCommand.swift */,
				939066241A47A1F600E0A6A5 /* SimpleCommandTestVO.swift */,
			);
			path = command;
			sourceTree = "<group>";
		};
		939066251A47A1F600E0A6A5 /* facade */ = {
			isa = PBXGroup;
			children = (
				939066261A47A1F600E0A6A5 /* FacadeTest.swift */,
				939066271A47A1F600E0A6A5 /* FacadeTestCommand.swift */,
				939066281A47A1F600E0A6A5 /* FacadeTestVO.swift */,
				93B77D7F1A5EE8EC00DA83FA /* ApplicationMediator.swift */,
				93B77D801A5EE8EC00DA83FA /* DataProxy.swift */,
				93B77D811A5EE8EC00DA83FA /* FacadeTestCommand2.swift */,
				93B77D821A5EE8EC00DA83FA /* ShellFacade.swift */,
				93B77D831A5EE8EC00DA83FA /* ShellFacadeTest.swift */,
				93942CEE1A5F141200FF1878 /* FacadeExtendTest.swift */,
				93942CEC1A5F132000FF1878 /* FacadeExtend.swift */,
				B3726C811A600F4200EC266F /* ResourceCommand.swift */,
			);
			path = facade;
			sourceTree = "<group>";
		};
		939066291A47A1F600E0A6A5 /* mediator */ = {
			isa = PBXGroup;
			children = (
				9390662A1A47A1F600E0A6A5 /* MediatorTest.swift */,
				931D00291A6038B6006449F9 /* ResourceMediator.swift */,
			);
			path = mediator;
			sourceTree = "<group>";
		};
		9390662C1A47A1F600E0A6A5 /* observer */ = {
			isa = PBXGroup;
			children = (
				9390662D1A47A1F600E0A6A5 /* NotificationTest.swift */,
				9390662E1A47A1F600E0A6A5 /* NotifierTest.swift */,
				9390662F1A47A1F600E0A6A5 /* ObserverTest.swift */,
			);
			path = observer;
			sourceTree = "<group>";
		};
		939066301A47A1F600E0A6A5 /* proxy */ = {
			isa = PBXGroup;
			children = (
				939066311A47A1F600E0A6A5 /* ProxyTest.swift */,
				931D002D1A604047006449F9 /* ResourceProxy.swift */,
			);
			path = proxy;
			sourceTree = "<group>";
		};
/* End PBXGroup section */

/* Begin PBXHeadersBuildPhase section */
		939065B21A47A1E000E0A6A5 /* Headers */ = {
			isa = PBXHeadersBuildPhase;
			buildActionMask = 2147483647;
			files = (
			);
			runOnlyForDeploymentPostprocessing = 0;
		};
/* End PBXHeadersBuildPhase section */

/* Begin PBXNativeTarget section */
		939065B41A47A1E000E0A6A5 /* PureMVC */ = {
			isa = PBXNativeTarget;
			buildConfigurationList = 939065CB1A47A1E000E0A6A5 /* Build configuration list for PBXNativeTarget "PureMVC" */;
			buildPhases = (
				939065B01A47A1E000E0A6A5 /* Sources */,
				939065B11A47A1E000E0A6A5 /* Frameworks */,
				939065B21A47A1E000E0A6A5 /* Headers */,
				939065B31A47A1E000E0A6A5 /* Resources */,
				9303630F1AFFD13B0094A5FC /* CopyFiles */,
			);
			buildRules = (
			);
			dependencies = (
			);
			name = PureMVC;
			productName = PureMVC;
			productReference = 939065B51A47A1E000E0A6A5 /* PureMVC.framework */;
			productType = "com.apple.product-type.framework";
		};
		939065BF1A47A1E000E0A6A5 /* PureMVCTests */ = {
			isa = PBXNativeTarget;
			buildConfigurationList = 939065CE1A47A1E000E0A6A5 /* Build configuration list for PBXNativeTarget "PureMVCTests" */;
			buildPhases = (
				939065BC1A47A1E000E0A6A5 /* Sources */,
				939065BD1A47A1E000E0A6A5 /* Frameworks */,
				939065BE1A47A1E000E0A6A5 /* Resources */,
			);
			buildRules = (
			);
			dependencies = (
				939065C31A47A1E000E0A6A5 /* PBXTargetDependency */,
			);
			name = PureMVCTests;
			productName = PureMVCTests;
			productReference = 939065C01A47A1E000E0A6A5 /* PureMVCTests.xctest */;
			productType = "com.apple.product-type.bundle.unit-test";
		};
/* End PBXNativeTarget section */

/* Begin PBXProject section */
		939065AC1A47A1E000E0A6A5 /* Project object */ = {
			isa = PBXProject;
			attributes = {
				LastSwiftMigration = 0720;
				LastSwiftUpdateCheck = 0720;
				LastUpgradeCheck = 0800;
				ORGANIZATIONNAME = PureMVC;
				TargetAttributes = {
					939065B41A47A1E000E0A6A5 = {
						CreatedOnToolsVersion = 6.1.1;
						LastSwiftMigration = 0800;
					};
					939065BF1A47A1E000E0A6A5 = {
						CreatedOnToolsVersion = 6.1.1;
						LastSwiftMigration = 0800;
					};
				};
			};
			buildConfigurationList = 939065AF1A47A1E000E0A6A5 /* Build configuration list for PBXProject "PureMVC" */;
			compatibilityVersion = "Xcode 3.2";
			developmentRegion = English;
			hasScannedForEncodings = 0;
			knownRegions = (
				en,
			);
			mainGroup = 939065AB1A47A1E000E0A6A5;
			productRefGroup = 939065B61A47A1E000E0A6A5 /* Products */;
			projectDirPath = "";
			projectRoot = "";
			targets = (
				939065B41A47A1E000E0A6A5 /* PureMVC */,
				939065BF1A47A1E000E0A6A5 /* PureMVCTests */,
			);
		};
/* End PBXProject section */

/* Begin PBXResourcesBuildPhase section */
		939065B31A47A1E000E0A6A5 /* Resources */ = {
			isa = PBXResourcesBuildPhase;
			buildActionMask = 2147483647;
			files = (
			);
			runOnlyForDeploymentPostprocessing = 0;
		};
		939065BE1A47A1E000E0A6A5 /* Resources */ = {
			isa = PBXResourcesBuildPhase;
			buildActionMask = 2147483647;
			files = (
			);
			runOnlyForDeploymentPostprocessing = 0;
		};
/* End PBXResourcesBuildPhase section */

/* Begin PBXSourcesBuildPhase section */
		939065B01A47A1E000E0A6A5 /* Sources */ = {
			isa = PBXSourcesBuildPhase;
			buildActionMask = 2147483647;
			files = (
				939066041A47A1EA00E0A6A5 /* Notifier.swift in Sources */,
				939066051A47A1EA00E0A6A5 /* Observer.swift in Sources */,
				939066021A47A1EA00E0A6A5 /* Mediator.swift in Sources */,
				939065F21A47A1EA00E0A6A5 /* Controller.swift in Sources */,
				939066031A47A1EA00E0A6A5 /* Notification.swift in Sources */,
				939065F91A47A1EA00E0A6A5 /* IModel.swift in Sources */,
				939065FF1A47A1EA00E0A6A5 /* MacroCommand.swift in Sources */,
				939065F61A47A1EA00E0A6A5 /* IController.swift in Sources */,
				939065F81A47A1EA00E0A6A5 /* IMediator.swift in Sources */,
				939065FA1A47A1EA00E0A6A5 /* INotification.swift in Sources */,
				939066061A47A1EA00E0A6A5 /* Proxy.swift in Sources */,
				939065FB1A47A1EA00E0A6A5 /* INotifier.swift in Sources */,
				939065F51A47A1EA00E0A6A5 /* ICommand.swift in Sources */,
				939065FE1A47A1EA00E0A6A5 /* IView.swift in Sources */,
				939065FC1A47A1EA00E0A6A5 /* IObserver.swift in Sources */,
				939066001A47A1EA00E0A6A5 /* SimpleCommand.swift in Sources */,
				939066011A47A1EA00E0A6A5 /* Facade.swift in Sources */,
				939065F71A47A1EA00E0A6A5 /* IFacade.swift in Sources */,
				939065F31A47A1EA00E0A6A5 /* Model.swift in Sources */,
				939065FD1A47A1EA00E0A6A5 /* IProxy.swift in Sources */,
				939065F41A47A1EA00E0A6A5 /* View.swift in Sources */,
			);
			runOnlyForDeploymentPostprocessing = 0;
		};
		939065BC1A47A1E000E0A6A5 /* Sources */ = {
			isa = PBXSourcesBuildPhase;
			buildActionMask = 2147483647;
			files = (
				93942CDD1A5EF9D600FF1878 /* Resource.swift in Sources */,
				9390663E1A47A1F600E0A6A5 /* ViewTestMediator6.swift in Sources */,
				9390663A1A47A1F600E0A6A5 /* ViewTestMediator2.swift in Sources */,
				939066481A47A1F600E0A6A5 /* SimpleCommandTestVO.swift in Sources */,
				9390664A1A47A1F600E0A6A5 /* FacadeTestCommand.swift in Sources */,
				93942CDF1A5EFCB400FF1878 /* ModelExtend.swift in Sources */,
				93B77D881A5EE8EC00DA83FA /* ShellFacadeTest.swift in Sources */,
				B3726C821A600F4200EC266F /* ResourceCommand.swift in Sources */,
				9390664E1A47A1F600E0A6A5 /* NotificationTest.swift in Sources */,
				93942CEF1A5F141200FF1878 /* FacadeExtendTest.swift in Sources */,
				939066431A47A1F600E0A6A5 /* MacroCommandTestSub1Command.swift in Sources */,
				939066451A47A1F600E0A6A5 /* MacroCommandTestVO.swift in Sources */,
				939066341A47A1F600E0A6A5 /* ControllerTestCommand2.swift in Sources */,
				939066371A47A1F600E0A6A5 /* ModelTestProxy.swift in Sources */,
				931D002A1A6038B6006449F9 /* ResourceMediator.swift in Sources */,
				93942CD71A5EF76500FF1878 /* ControllerExtend.swift in Sources */,
				9390663B1A47A1F600E0A6A5 /* ViewTestMediator3.swift in Sources */,
				9390664C1A47A1F600E0A6A5 /* MediatorTest.swift in Sources */,
				93942CD91A5EF7CF00FF1878 /* ControllerExtendTest.swift in Sources */,
				939066471A47A1F600E0A6A5 /* SimpleCommandTestCommand.swift in Sources */,
				939066421A47A1F600E0A6A5 /* MacroCommandTestCommand.swift in Sources */,
				939066441A47A1F600E0A6A5 /* MacroCommandTestSub2Command.swift in Sources */,
				939066411A47A1F600E0A6A5 /* MacroCommandTest.swift in Sources */,
				939066351A47A1F600E0A6A5 /* ControllerTestVO.swift in Sources */,
				931D002E1A604047006449F9 /* ResourceProxy.swift in Sources */,
				9390663C1A47A1F600E0A6A5 /* ViewTestMediator4.swift in Sources */,
				939066391A47A1F600E0A6A5 /* ViewTestMediator.swift in Sources */,
				939066381A47A1F600E0A6A5 /* ViewTest.swift in Sources */,
				939066361A47A1F600E0A6A5 /* ModelTest.swift in Sources */,
				939066501A47A1F600E0A6A5 /* ObserverTest.swift in Sources */,
				9390664B1A47A1F600E0A6A5 /* FacadeTestVO.swift in Sources */,
				939066401A47A1F600E0A6A5 /* ViewTestVO.swift in Sources */,
				93B77D851A5EE8EC00DA83FA /* DataProxy.swift in Sources */,
				939066321A47A1F600E0A6A5 /* ControllerTest.swift in Sources */,
				93942CE11A5EFD7300FF1878 /* ModelExtendTest.swift in Sources */,
				939066331A47A1F600E0A6A5 /* ControllerTestCommand.swift in Sources */,
				9390663D1A47A1F600E0A6A5 /* ViewTestMediator5.swift in Sources */,
				93942CE91A5F009200FF1878 /* ViewExtendTest.swift in Sources */,
				939066511A47A1F600E0A6A5 /* ProxyTest.swift in Sources */,
				93942CE71A5F005900FF1878 /* ViewExtend.swift in Sources */,
				93B77D871A5EE8EC00DA83FA /* ShellFacade.swift in Sources */,
				93942CED1A5F132000FF1878 /* FacadeExtend.swift in Sources */,
				9390663F1A47A1F600E0A6A5 /* ViewTestNote.swift in Sources */,
				939066491A47A1F600E0A6A5 /* FacadeTest.swift in Sources */,
				93B77D861A5EE8EC00DA83FA /* FacadeTestCommand2.swift in Sources */,
				93B77D841A5EE8EC00DA83FA /* ApplicationMediator.swift in Sources */,
				939066461A47A1F600E0A6A5 /* SimpleCommandTest.swift in Sources */,
				9390664F1A47A1F600E0A6A5 /* NotifierTest.swift in Sources */,
			);
			runOnlyForDeploymentPostprocessing = 0;
		};
/* End PBXSourcesBuildPhase section */

/* Begin PBXTargetDependency section */
		939065C31A47A1E000E0A6A5 /* PBXTargetDependency */ = {
			isa = PBXTargetDependency;
			target = 939065B41A47A1E000E0A6A5 /* PureMVC */;
			targetProxy = 939065C21A47A1E000E0A6A5 /* PBXContainerItemProxy */;
		};
/* End PBXTargetDependency section */

/* Begin XCBuildConfiguration section */
		939065C91A47A1E000E0A6A5 /* Debug */ = {
			isa = XCBuildConfiguration;
			buildSettings = {
				ALWAYS_EMBED_SWIFT_STANDARD_LIBRARIES = YES;
				ALWAYS_SEARCH_USER_PATHS = NO;
				CLANG_CXX_LANGUAGE_STANDARD = "gnu++0x";
				CLANG_CXX_LIBRARY = "libc++";
				CLANG_ENABLE_MODULES = YES;
				CLANG_ENABLE_OBJC_ARC = YES;
				CLANG_WARN_BOOL_CONVERSION = YES;
				CLANG_WARN_CONSTANT_CONVERSION = YES;
				CLANG_WARN_DIRECT_OBJC_ISA_USAGE = YES_ERROR;
				CLANG_WARN_EMPTY_BODY = YES;
				CLANG_WARN_ENUM_CONVERSION = YES;
				CLANG_WARN_INFINITE_RECURSION = YES;
				CLANG_WARN_INT_CONVERSION = YES;
				CLANG_WARN_OBJC_ROOT_CLASS = YES_ERROR;
				CLANG_WARN_SUSPICIOUS_MOVE = YES;
				CLANG_WARN_UNREACHABLE_CODE = YES;
				CLANG_WARN__DUPLICATE_METHOD_MATCH = YES;
				"CODE_SIGN_IDENTITY[sdk=iphoneos*]" = "iPhone Developer";
				COPY_PHASE_STRIP = NO;
				CURRENT_PROJECT_VERSION = 1;
				ENABLE_STRICT_OBJC_MSGSEND = YES;
				ENABLE_TESTABILITY = YES;
				GCC_C_LANGUAGE_STANDARD = gnu99;
				GCC_DYNAMIC_NO_PIC = NO;
				GCC_NO_COMMON_BLOCKS = YES;
				GCC_OPTIMIZATION_LEVEL = 0;
				GCC_PREPROCESSOR_DEFINITIONS = (
					"DEBUG=1",
					"$(inherited)",
				);
				GCC_SYMBOLS_PRIVATE_EXTERN = NO;
				GCC_WARN_64_TO_32_BIT_CONVERSION = YES;
				GCC_WARN_ABOUT_RETURN_TYPE = YES_ERROR;
				GCC_WARN_UNDECLARED_SELECTOR = YES;
				GCC_WARN_UNINITIALIZED_AUTOS = YES_AGGRESSIVE;
				GCC_WARN_UNUSED_FUNCTION = YES;
				GCC_WARN_UNUSED_VARIABLE = YES;
				IPHONEOS_DEPLOYMENT_TARGET = 8.3;
				MTL_ENABLE_DEBUG_INFO = YES;
				ONLY_ACTIVE_ARCH = YES;
				SDKROOT = iphoneos;
				SWIFT_OPTIMIZATION_LEVEL = "-Onone";
				TARGETED_DEVICE_FAMILY = "1,2";
				VERSIONING_SYSTEM = "apple-generic";
				VERSION_INFO_PREFIX = "";
			};
			name = Debug;
		};
		939065CA1A47A1E000E0A6A5 /* Release */ = {
			isa = XCBuildConfiguration;
			buildSettings = {
				ALWAYS_EMBED_SWIFT_STANDARD_LIBRARIES = YES;
				ALWAYS_SEARCH_USER_PATHS = NO;
				CLANG_CXX_LANGUAGE_STANDARD = "gnu++0x";
				CLANG_CXX_LIBRARY = "libc++";
				CLANG_ENABLE_MODULES = YES;
				CLANG_ENABLE_OBJC_ARC = YES;
				CLANG_WARN_BOOL_CONVERSION = YES;
				CLANG_WARN_CONSTANT_CONVERSION = YES;
				CLANG_WARN_DIRECT_OBJC_ISA_USAGE = YES_ERROR;
				CLANG_WARN_EMPTY_BODY = YES;
				CLANG_WARN_ENUM_CONVERSION = YES;
				CLANG_WARN_INFINITE_RECURSION = YES;
				CLANG_WARN_INT_CONVERSION = YES;
				CLANG_WARN_OBJC_ROOT_CLASS = YES_ERROR;
				CLANG_WARN_SUSPICIOUS_MOVE = YES;
				CLANG_WARN_UNREACHABLE_CODE = YES;
				CLANG_WARN__DUPLICATE_METHOD_MATCH = YES;
				"CODE_SIGN_IDENTITY[sdk=iphoneos*]" = "iPhone Developer";
				COPY_PHASE_STRIP = YES;
				CURRENT_PROJECT_VERSION = 1;
				ENABLE_NS_ASSERTIONS = NO;
				ENABLE_STRICT_OBJC_MSGSEND = YES;
				GCC_C_LANGUAGE_STANDARD = gnu99;
				GCC_NO_COMMON_BLOCKS = YES;
				GCC_WARN_64_TO_32_BIT_CONVERSION = YES;
				GCC_WARN_ABOUT_RETURN_TYPE = YES_ERROR;
				GCC_WARN_UNDECLARED_SELECTOR = YES;
				GCC_WARN_UNINITIALIZED_AUTOS = YES_AGGRESSIVE;
				GCC_WARN_UNUSED_FUNCTION = YES;
				GCC_WARN_UNUSED_VARIABLE = YES;
				IPHONEOS_DEPLOYMENT_TARGET = 8.3;
				MTL_ENABLE_DEBUG_INFO = NO;
				SDKROOT = iphoneos;
				SWIFT_OPTIMIZATION_LEVEL = "-Owholemodule";
				TARGETED_DEVICE_FAMILY = "1,2";
				VALIDATE_PRODUCT = YES;
				VERSIONING_SYSTEM = "apple-generic";
				VERSION_INFO_PREFIX = "";
			};
			name = Release;
		};
		939065CC1A47A1E000E0A6A5 /* Debug */ = {
			isa = XCBuildConfiguration;
			buildSettings = {
				ALWAYS_EMBED_SWIFT_STANDARD_LIBRARIES = YES;
				"CODE_SIGN_IDENTITY[sdk=iphoneos*]" = "";
				DEFINES_MODULE = YES;
				DYLIB_COMPATIBILITY_VERSION = 1;
				DYLIB_CURRENT_VERSION = 1;
				DYLIB_INSTALL_NAME_BASE = "@rpath";
				FRAMEWORK_SEARCH_PATHS = "$(inherited)";
				INFOPLIST_FILE = PureMVC/Info.plist;
				INSTALL_PATH = "$(LOCAL_LIBRARY_DIR)/Frameworks";
				IPHONEOS_DEPLOYMENT_TARGET = 8.3;
				LD_RUNPATH_SEARCH_PATHS = "$(inherited) @executable_path/Frameworks @loader_path/Frameworks";
				ONLY_ACTIVE_ARCH = YES;
				PRODUCT_BUNDLE_IDENTIFIER = "org.puremvc.$(PRODUCT_NAME:rfc1034identifier)";
				PRODUCT_NAME = PureMVC;
				SDKROOT = iphoneos;
				SKIP_INSTALL = YES;
				SWIFT_VERSION = 3.0;
			};
			name = Debug;
		};
		939065CD1A47A1E000E0A6A5 /* Release */ = {
			isa = XCBuildConfiguration;
			buildSettings = {
				ALWAYS_EMBED_SWIFT_STANDARD_LIBRARIES = YES;
				"CODE_SIGN_IDENTITY[sdk=iphoneos*]" = "";
				DEFINES_MODULE = YES;
				DYLIB_COMPATIBILITY_VERSION = 1;
				DYLIB_CURRENT_VERSION = 1;
				DYLIB_INSTALL_NAME_BASE = "@rpath";
				FRAMEWORK_SEARCH_PATHS = "$(inherited)";
				INFOPLIST_FILE = PureMVC/Info.plist;
				INSTALL_PATH = "$(LOCAL_LIBRARY_DIR)/Frameworks";
				IPHONEOS_DEPLOYMENT_TARGET = 8.3;
				LD_RUNPATH_SEARCH_PATHS = "$(inherited) @executable_path/Frameworks @loader_path/Frameworks";
				ONLY_ACTIVE_ARCH = NO;
				PRODUCT_BUNDLE_IDENTIFIER = "org.puremvc.$(PRODUCT_NAME:rfc1034identifier)";
				PRODUCT_NAME = PureMVC;
				SDKROOT = iphoneos;
				SKIP_INSTALL = YES;
				SWIFT_VERSION = 3.0;
			};
			name = Release;
		};
		939065CF1A47A1E000E0A6A5 /* Debug */ = {
			isa = XCBuildConfiguration;
			buildSettings = {
				FRAMEWORK_SEARCH_PATHS = "";
				GCC_PREPROCESSOR_DEFINITIONS = (
					"DEBUG=1",
					"$(inherited)",
				);
				INFOPLIST_FILE = PureMVCTests/Info.plist;
				LD_RUNPATH_SEARCH_PATHS = "$(inherited) @executable_path/Frameworks @loader_path/Frameworks";
				PRODUCT_BUNDLE_IDENTIFIER = "org.puremvc.$(PRODUCT_NAME:rfc1034identifier)";
				PRODUCT_NAME = "$(TARGET_NAME)";
				SDKROOT = iphoneos;
				SWIFT_VERSION = 3.0;
			};
			name = Debug;
		};
		939065D01A47A1E000E0A6A5 /* Release */ = {
			isa = XCBuildConfiguration;
			buildSettings = {
				FRAMEWORK_SEARCH_PATHS = "";
				INFOPLIST_FILE = PureMVCTests/Info.plist;
				LD_RUNPATH_SEARCH_PATHS = "$(inherited) @executable_path/Frameworks @loader_path/Frameworks";
				PRODUCT_BUNDLE_IDENTIFIER = "org.puremvc.$(PRODUCT_NAME:rfc1034identifier)";
				PRODUCT_NAME = "$(TARGET_NAME)";
				SDKROOT = iphoneos;
				SWIFT_VERSION = 3.0;
			};
			name = Release;
		};
/* End XCBuildConfiguration section */

/* Begin XCConfigurationList section */
		939065AF1A47A1E000E0A6A5 /* Build configuration list for PBXProject "PureMVC" */ = {
			isa = XCConfigurationList;
			buildConfigurations = (
				939065C91A47A1E000E0A6A5 /* Debug */,
				939065CA1A47A1E000E0A6A5 /* Release */,
			);
			defaultConfigurationIsVisible = 0;
			defaultConfigurationName = Release;
		};
		939065CB1A47A1E000E0A6A5 /* Build configuration list for PBXNativeTarget "PureMVC" */ = {
			isa = XCConfigurationList;
			buildConfigurations = (
				939065CC1A47A1E000E0A6A5 /* Debug */,
				939065CD1A47A1E000E0A6A5 /* Release */,
			);
			defaultConfigurationIsVisible = 0;
			defaultConfigurationName = Release;
		};
		939065CE1A47A1E000E0A6A5 /* Build configuration list for PBXNativeTarget "PureMVCTests" */ = {
			isa = XCConfigurationList;
			buildConfigurations = (
				939065CF1A47A1E000E0A6A5 /* Debug */,
				939065D01A47A1E000E0A6A5 /* Release */,
			);
			defaultConfigurationIsVisible = 0;
			defaultConfigurationName = Release;
		};
/* End XCConfigurationList section */
	};
	rootObject = 939065AC1A47A1E000E0A6A5 /* Project object */;
}
